// !$*UTF8*$!
{
	archiveVersion = 1;
	classes = {
	};
	objectVersion = 46;
	objects = {

/* Begin PBXBuildFile section */
		95695D5618B6155800CA2307 /* _TTTCDLinkedRecord.m in Sources */ = {isa = PBXBuildFile; fileRef = 95695CE718B6155800CA2307 /* _TTTCDLinkedRecord.m */; };
		95695D5718B6155800CA2307 /* _TTTCDUnifiedRecord.m in Sources */ = {isa = PBXBuildFile; fileRef = 95695CE918B6155800CA2307 /* _TTTCDUnifiedRecord.m */; };
		95695D5818B6155800CA2307 /* TTTCDLinkedRecord.m in Sources */ = {isa = PBXBuildFile; fileRef = 95695CEB18B6155800CA2307 /* TTTCDLinkedRecord.m */; };
		95695D5918B6155800CA2307 /* TTTCDUnifiedRecord.m in Sources */ = {isa = PBXBuildFile; fileRef = 95695CED18B6155800CA2307 /* TTTCDUnifiedRecord.m */; };
		95695D5A18B6155800CA2307 /* TTTUnifiedAddressBook.m in Sources */ = {isa = PBXBuildFile; fileRef = 95695CF018B6155800CA2307 /* TTTUnifiedAddressBook.m */; };
		95695D5B18B6155900CA2307 /* TTTUnifiedAddressBook.xcdatamodeld in Sources */ = {isa = PBXBuildFile; fileRef = 95695CF118B6155800CA2307 /* TTTUnifiedAddressBook.xcdatamodeld */; };
		95695D5C18B6155900CA2307 /* TTTUnifiedCard.m in Sources */ = {isa = PBXBuildFile; fileRef = 95695CF418B6155800CA2307 /* TTTUnifiedCard.m */; };
		95695D5D18B6155900CA2307 /* CALayer+TTTCrossfade.m in Sources */ = {isa = PBXBuildFile; fileRef = 95695CF718B6155800CA2307 /* CALayer+TTTCrossfade.m */; };
		95695D5E18B6155900CA2307 /* NSFetchRequest+TTTRequestConfiguration.m in Sources */ = {isa = PBXBuildFile; fileRef = 95695CFA18B6155800CA2307 /* NSFetchRequest+TTTRequestConfiguration.m */; };
		95695D5F18B6155900CA2307 /* NSManagedObject+TTTUniquing.m in Sources */ = {isa = PBXBuildFile; fileRef = 95695CFC18B6155800CA2307 /* NSManagedObject+TTTUniquing.m */; };
		95695D6018B6155900CA2307 /* NSManagedObjectContext+TTTBatchManipulation.m in Sources */ = {isa = PBXBuildFile; fileRef = 95695CFE18B6155800CA2307 /* NSManagedObjectContext+TTTBatchManipulation.m */; };
		95695D6118B6155900CA2307 /* NSManagedObjectContext+TTTConvenience.m in Sources */ = {isa = PBXBuildFile; fileRef = 95695D0018B6155800CA2307 /* NSManagedObjectContext+TTTConvenience.m */; };
		95695D6218B6155900CA2307 /* NSManagedObjectContext+TTTUniquing.m in Sources */ = {isa = PBXBuildFile; fileRef = 95695D0218B6155800CA2307 /* NSManagedObjectContext+TTTUniquing.m */; };
		95695D6318B6155900CA2307 /* TTTTimestamped.m in Sources */ = {isa = PBXBuildFile; fileRef = 95695D0418B6155800CA2307 /* TTTTimestamped.m */; };
		95695D6418B6155900CA2307 /* NSFetchedResultsController+TTTCacheControl.m in Sources */ = {isa = PBXBuildFile; fileRef = 95695D0718B6155800CA2307 /* NSFetchedResultsController+TTTCacheControl.m */; };
		95695D6518B6155900CA2307 /* NSFetchedResultsController+TTTEasySections.m in Sources */ = {isa = PBXBuildFile; fileRef = 95695D0918B6155800CA2307 /* NSFetchedResultsController+TTTEasySections.m */; };
		95695D6618B6155900CA2307 /* NSPredicate+TTTConvenience.m in Sources */ = {isa = PBXBuildFile; fileRef = 95695D0B18B6155800CA2307 /* NSPredicate+TTTConvenience.m */; };
		95695D6718B6155900CA2307 /* TTTAbstractManagedObject.m in Sources */ = {isa = PBXBuildFile; fileRef = 95695D0D18B6155800CA2307 /* TTTAbstractManagedObject.m */; };
		95695D6818B6155900CA2307 /* NSPredicate+TTTConvenience.m in Sources */ = {isa = PBXBuildFile; fileRef = 95695D1018B6155800CA2307 /* NSPredicate+TTTConvenience.m */; };
		95695D6918B6155900CA2307 /* TTTCGUtils.m in Sources */ = {isa = PBXBuildFile; fileRef = 95695D1318B6155800CA2307 /* TTTCGUtils.m */; };
		95695D6A18B6155900CA2307 /* TTTCyclicDelegateRetainer.m in Sources */ = {isa = PBXBuildFile; fileRef = 95695D1618B6155800CA2307 /* TTTCyclicDelegateRetainer.m */; };
		95695D6B18B6155900CA2307 /* NSFastEnumeration+TTTMapping.m in Sources */ = {isa = PBXBuildFile; fileRef = 95695D1918B6155800CA2307 /* NSFastEnumeration+TTTMapping.m */; };
		95695D6C18B6155900CA2307 /* NSObject+TTTBlocks.m in Sources */ = {isa = PBXBuildFile; fileRef = 95695D1B18B6155800CA2307 /* NSObject+TTTBlocks.m */; };
		95695D6D18B6155900CA2307 /* NSObject+TTTUnless.m in Sources */ = {isa = PBXBuildFile; fileRef = 95695D1D18B6155800CA2307 /* NSObject+TTTUnless.m */; };
		95695D6E18B6155900CA2307 /* NSString+TTTEmptiness.m in Sources */ = {isa = PBXBuildFile; fileRef = 95695D1F18B6155800CA2307 /* NSString+TTTEmptiness.m */; };
		95695D6F18B6155900CA2307 /* NSString+TTTURLEncoding.m in Sources */ = {isa = PBXBuildFile; fileRef = 95695D2118B6155800CA2307 /* NSString+TTTURLEncoding.m */; };
		95695D7018B6155900CA2307 /* UIImage+TTTResizing.m in Sources */ = {isa = PBXBuildFile; fileRef = 95695D2418B6155800CA2307 /* UIImage+TTTResizing.m */; };
		95695D7118B6155900CA2307 /* UIView+TTTHitTesting.m in Sources */ = {isa = PBXBuildFile; fileRef = 95695D2618B6155800CA2307 /* UIView+TTTHitTesting.m */; };
		95695D7218B6155900CA2307 /* UIView+TTTLayout.m in Sources */ = {isa = PBXBuildFile; fileRef = 95695D2818B6155800CA2307 /* UIView+TTTLayout.m */; };
		95695D7318B6155900CA2307 /* TTTLog.m in Sources */ = {isa = PBXBuildFile; fileRef = 95695D2B18B6155800CA2307 /* TTTLog.m */; };
		95695D7418B6155900CA2307 /* TTTLog.m in Sources */ = {isa = PBXBuildFile; fileRef = 95695D2E18B6155800CA2307 /* TTTLog.m */; };
		95695D7518B6155900CA2307 /* TTTAbstractJSONMapping.m in Sources */ = {isa = PBXBuildFile; fileRef = 95695D3118B6155800CA2307 /* TTTAbstractJSONMapping.m */; };
		95695D7618B6155900CA2307 /* TTTAbstractPersistenceProxy.m in Sources */ = {isa = PBXBuildFile; fileRef = 95695D3318B6155800CA2307 /* TTTAbstractPersistenceProxy.m */; };
		95695D7718B6155900CA2307 /* TTTJSONAttributeMapping.m in Sources */ = {isa = PBXBuildFile; fileRef = 95695D3518B6155800CA2307 /* TTTJSONAttributeMapping.m */; };
		95695D7818B6155900CA2307 /* TTTJSONMapper.m in Sources */ = {isa = PBXBuildFile; fileRef = 95695D3718B6155800CA2307 /* TTTJSONMapper.m */; };
		95695D7918B6155900CA2307 /* TTTJSONRelationshipMapping.m in Sources */ = {isa = PBXBuildFile; fileRef = 95695D3918B6155800CA2307 /* TTTJSONRelationshipMapping.m */; };
		95695D7A18B6155900CA2307 /* TTTMappingPersistenceProxy.m in Sources */ = {isa = PBXBuildFile; fileRef = 95695D3B18B6155800CA2307 /* TTTMappingPersistenceProxy.m */; };
		95695D7B18B6155900CA2307 /* TTTTableViewDataSourceItemController.m in Sources */ = {isa = PBXBuildFile; fileRef = 95695D3E18B6155800CA2307 /* TTTTableViewDataSourceItemController.m */; };
		95695D7C18B6155900CA2307 /* TTTTableViewDelegateItemController.m in Sources */ = {isa = PBXBuildFile; fileRef = 95695D4018B6155800CA2307 /* TTTTableViewDelegateItemController.m */; };
		95695D7D18B6155900CA2307 /* TTTTableViewFetchedItem.m in Sources */ = {isa = PBXBuildFile; fileRef = 95695D4218B6155800CA2307 /* TTTTableViewFetchedItem.m */; };
		95695D7E18B6155900CA2307 /* TTTTableViewFetchedSection.m in Sources */ = {isa = PBXBuildFile; fileRef = 95695D4418B6155800CA2307 /* TTTTableViewFetchedSection.m */; };
		95695D7F18B6155900CA2307 /* TTTTableViewItem.m in Sources */ = {isa = PBXBuildFile; fileRef = 95695D4618B6155800CA2307 /* TTTTableViewItem.m */; };
		95695D8018B6155900CA2307 /* TTTTableViewItemController.m in Sources */ = {isa = PBXBuildFile; fileRef = 95695D4818B6155800CA2307 /* TTTTableViewItemController.m */; };
		95695D8118B6155900CA2307 /* TTTTableViewSection.m in Sources */ = {isa = PBXBuildFile; fileRef = 95695D4A18B6155800CA2307 /* TTTTableViewSection.m */; };
		95695D8218B6155900CA2307 /* UITableViewCell+TTTCreation.m in Sources */ = {isa = PBXBuildFile; fileRef = 95695D4C18B6155800CA2307 /* UITableViewCell+TTTCreation.m */; };
		95695D8318B6155900CA2307 /* TTTDrawnView.m in Sources */ = {isa = PBXBuildFile; fileRef = 95695D4F18B6155800CA2307 /* TTTDrawnView.m */; };
		95695D8418B6155900CA2307 /* TTTTheme.m in Sources */ = {isa = PBXBuildFile; fileRef = 95695D5118B6155800CA2307 /* TTTTheme.m */; };
		95695D8518B6155900CA2307 /* UIImage+TTTDrawing.m in Sources */ = {isa = PBXBuildFile; fileRef = 95695D5318B6155800CA2307 /* UIImage+TTTDrawing.m */; };
		95695D8618B6155900CA2307 /* TwelveTwentyToolkit.m in Sources */ = {isa = PBXBuildFile; fileRef = 95695D5518B6155800CA2307 /* TwelveTwentyToolkit.m */; };
		95934FD8167B283E00E4ED39 /* AddressBook.framework in Frameworks */ = {isa = PBXBuildFile; fileRef = 95934FD7167B283E00E4ED39 /* AddressBook.framework */; };
		95934FDA167B284800E4ED39 /* CoreData.framework in Frameworks */ = {isa = PBXBuildFile; fileRef = 95934FD9167B284800E4ED39 /* CoreData.framework */; };
		95934FDC167B285200E4ED39 /* QuartzCore.framework in Frameworks */ = {isa = PBXBuildFile; fileRef = 95934FDB167B285200E4ED39 /* QuartzCore.framework */; };
		95934FDD167B287F00E4ED39 /* CoreData.framework in Frameworks */ = {isa = PBXBuildFile; fileRef = 95934FD9167B284800E4ED39 /* CoreData.framework */; };
		95934FDE167B288400E4ED39 /* AddressBook.framework in Frameworks */ = {isa = PBXBuildFile; fileRef = 95934FD7167B283E00E4ED39 /* AddressBook.framework */; };
		95934FE0167B28B500E4ED39 /* CoreGraphics.framework in Frameworks */ = {isa = PBXBuildFile; fileRef = 95934FDF167B28B500E4ED39 /* CoreGraphics.framework */; };
		95934FE2167B28C800E4ED39 /* UIKit.framework in Frameworks */ = {isa = PBXBuildFile; fileRef = 95934FE1167B28C800E4ED39 /* UIKit.framework */; };
		95934FE6167B293A00E4ED39 /* TTTCoreGraphicsTestCase.m in Sources */ = {isa = PBXBuildFile; fileRef = 95934FE5167B293A00E4ED39 /* TTTCoreGraphicsTestCase.m */; };
		95934FEA167B296600E4ED39 /* TTTDependencyInjectionTestCase.m in Sources */ = {isa = PBXBuildFile; fileRef = 95934FE9167B296600E4ED39 /* TTTDependencyInjectionTestCase.m */; };
		95934FEE167B2A0900E4ED39 /* TTTDISimpleObject.m in Sources */ = {isa = PBXBuildFile; fileRef = 95934FED167B2A0900E4ED39 /* TTTDISimpleObject.m */; };
		95934FF1167B2A4900E4ED39 /* TTTDIBaseObject.m in Sources */ = {isa = PBXBuildFile; fileRef = 95934FF0167B2A4900E4ED39 /* TTTDIBaseObject.m */; };
		95934FF4167B2A5F00E4ED39 /* TTTDIConcreteObject.m in Sources */ = {isa = PBXBuildFile; fileRef = 95934FF3167B2A5F00E4ED39 /* TTTDIConcreteObject.m */; };
		95934FFA167B2D4D00E4ED39 /* TTTDIBaseSingleton.m in Sources */ = {isa = PBXBuildFile; fileRef = 95934FF9167B2D4D00E4ED39 /* TTTDIBaseSingleton.m */; };
		95934FFD167B2D5F00E4ED39 /* TTTDIConcreteSingleton.m in Sources */ = {isa = PBXBuildFile; fileRef = 95934FFC167B2D5F00E4ED39 /* TTTDIConcreteSingleton.m */; };
		95935000167B2D7F00E4ED39 /* TTTDISimpleSingleton.m in Sources */ = {isa = PBXBuildFile; fileRef = 95934FFF167B2D7F00E4ED39 /* TTTDISimpleSingleton.m */; };
		95935003167B318200E4ED39 /* TTTDIInjectableObject.m in Sources */ = {isa = PBXBuildFile; fileRef = 95935002167B318100E4ED39 /* TTTDIInjectableObject.m */; };
		95DC8FB2167B26B200AF1428 /* Foundation.framework in Frameworks */ = {isa = PBXBuildFile; fileRef = 95DC8FB1167B26B200AF1428 /* Foundation.framework */; };
		95DC8FC1167B26B200AF1428 /* SenTestingKit.framework in Frameworks */ = {isa = PBXBuildFile; fileRef = 95DC8FC0167B26B200AF1428 /* SenTestingKit.framework */; };
		95DC8FC4167B26B200AF1428 /* Foundation.framework in Frameworks */ = {isa = PBXBuildFile; fileRef = 95DC8FB1167B26B200AF1428 /* Foundation.framework */; };
		95DC8FC7167B26B200AF1428 /* libTwelveTwentyToolkit.a in Frameworks */ = {isa = PBXBuildFile; fileRef = 95DC8FAE167B26B200AF1428 /* libTwelveTwentyToolkit.a */; };
		95DC8FCD167B26B200AF1428 /* InfoPlist.strings in Resources */ = {isa = PBXBuildFile; fileRef = 95DC8FCB167B26B200AF1428 /* InfoPlist.strings */; };
/* End PBXBuildFile section */

/* Begin PBXContainerItemProxy section */
		95DC8FC5167B26B200AF1428 /* PBXContainerItemProxy */ = {
			isa = PBXContainerItemProxy;
			containerPortal = 95DC8FA5167B26B200AF1428 /* Project object */;
			proxyType = 1;
			remoteGlobalIDString = 95DC8FAD167B26B200AF1428;
			remoteInfo = TwelveTwentyToolkit;
		};
/* End PBXContainerItemProxy section */

/* Begin PBXCopyFilesBuildPhase section */
		95DC8FAC167B26B200AF1428 /* CopyFiles */ = {
			isa = PBXCopyFilesBuildPhase;
			buildActionMask = 2147483647;
			dstPath = "include/${PRODUCT_NAME}";
			dstSubfolderSpec = 16;
			files = (
			);
			runOnlyForDeploymentPostprocessing = 0;
		};
/* End PBXCopyFilesBuildPhase section */

/* Begin PBXFileReference section */
		95695CE618B6155800CA2307 /* _TTTCDLinkedRecord.h */ = {isa = PBXFileReference; fileEncoding = 4; lastKnownFileType = sourcecode.c.h; path = _TTTCDLinkedRecord.h; sourceTree = "<group>"; };
		95695CE718B6155800CA2307 /* _TTTCDLinkedRecord.m */ = {isa = PBXFileReference; fileEncoding = 4; lastKnownFileType = sourcecode.c.objc; path = _TTTCDLinkedRecord.m; sourceTree = "<group>"; };
		95695CE818B6155800CA2307 /* _TTTCDUnifiedRecord.h */ = {isa = PBXFileReference; fileEncoding = 4; lastKnownFileType = sourcecode.c.h; path = _TTTCDUnifiedRecord.h; sourceTree = "<group>"; };
		95695CE918B6155800CA2307 /* _TTTCDUnifiedRecord.m */ = {isa = PBXFileReference; fileEncoding = 4; lastKnownFileType = sourcecode.c.objc; path = _TTTCDUnifiedRecord.m; sourceTree = "<group>"; };
		95695CEA18B6155800CA2307 /* TTTCDLinkedRecord.h */ = {isa = PBXFileReference; fileEncoding = 4; lastKnownFileType = sourcecode.c.h; path = TTTCDLinkedRecord.h; sourceTree = "<group>"; };
		95695CEB18B6155800CA2307 /* TTTCDLinkedRecord.m */ = {isa = PBXFileReference; fileEncoding = 4; lastKnownFileType = sourcecode.c.objc; path = TTTCDLinkedRecord.m; sourceTree = "<group>"; };
		95695CEC18B6155800CA2307 /* TTTCDUnifiedRecord.h */ = {isa = PBXFileReference; fileEncoding = 4; lastKnownFileType = sourcecode.c.h; path = TTTCDUnifiedRecord.h; sourceTree = "<group>"; };
		95695CED18B6155800CA2307 /* TTTCDUnifiedRecord.m */ = {isa = PBXFileReference; fileEncoding = 4; lastKnownFileType = sourcecode.c.objc; path = TTTCDUnifiedRecord.m; sourceTree = "<group>"; };
		95695CEE18B6155800CA2307 /* generate_classes.sh */ = {isa = PBXFileReference; fileEncoding = 4; lastKnownFileType = text.script.sh; path = generate_classes.sh; sourceTree = "<group>"; };
		95695CEF18B6155800CA2307 /* TTTUnifiedAddressBook.h */ = {isa = PBXFileReference; fileEncoding = 4; lastKnownFileType = sourcecode.c.h; path = TTTUnifiedAddressBook.h; sourceTree = "<group>"; };
		95695CF018B6155800CA2307 /* TTTUnifiedAddressBook.m */ = {isa = PBXFileReference; fileEncoding = 4; lastKnownFileType = sourcecode.c.objc; path = TTTUnifiedAddressBook.m; sourceTree = "<group>"; };
		95695CF218B6155800CA2307 /* TTTUnifiedAddressBook.xcdatamodel */ = {isa = PBXFileReference; lastKnownFileType = wrapper.xcdatamodel; path = TTTUnifiedAddressBook.xcdatamodel; sourceTree = "<group>"; };
		95695CF318B6155800CA2307 /* TTTUnifiedCard.h */ = {isa = PBXFileReference; fileEncoding = 4; lastKnownFileType = sourcecode.c.h; path = TTTUnifiedCard.h; sourceTree = "<group>"; };
		95695CF418B6155800CA2307 /* TTTUnifiedCard.m */ = {isa = PBXFileReference; fileEncoding = 4; lastKnownFileType = sourcecode.c.objc; path = TTTUnifiedCard.m; sourceTree = "<group>"; };
		95695CF618B6155800CA2307 /* CALayer+TTTCrossfade.h */ = {isa = PBXFileReference; fileEncoding = 4; lastKnownFileType = sourcecode.c.h; path = "CALayer+TTTCrossfade.h"; sourceTree = "<group>"; };
		95695CF718B6155800CA2307 /* CALayer+TTTCrossfade.m */ = {isa = PBXFileReference; fileEncoding = 4; lastKnownFileType = sourcecode.c.objc; path = "CALayer+TTTCrossfade.m"; sourceTree = "<group>"; };
		95695CF918B6155800CA2307 /* NSFetchRequest+TTTRequestConfiguration.h */ = {isa = PBXFileReference; fileEncoding = 4; lastKnownFileType = sourcecode.c.h; path = "NSFetchRequest+TTTRequestConfiguration.h"; sourceTree = "<group>"; };
		95695CFA18B6155800CA2307 /* NSFetchRequest+TTTRequestConfiguration.m */ = {isa = PBXFileReference; fileEncoding = 4; lastKnownFileType = sourcecode.c.objc; path = "NSFetchRequest+TTTRequestConfiguration.m"; sourceTree = "<group>"; };
		95695CFB18B6155800CA2307 /* NSManagedObject+TTTUniquing.h */ = {isa = PBXFileReference; fileEncoding = 4; lastKnownFileType = sourcecode.c.h; path = "NSManagedObject+TTTUniquing.h"; sourceTree = "<group>"; };
		95695CFC18B6155800CA2307 /* NSManagedObject+TTTUniquing.m */ = {isa = PBXFileReference; fileEncoding = 4; lastKnownFileType = sourcecode.c.objc; path = "NSManagedObject+TTTUniquing.m"; sourceTree = "<group>"; };
		95695CFD18B6155800CA2307 /* NSManagedObjectContext+TTTBatchManipulation.h */ = {isa = PBXFileReference; fileEncoding = 4; lastKnownFileType = sourcecode.c.h; path = "NSManagedObjectContext+TTTBatchManipulation.h"; sourceTree = "<group>"; };
		95695CFE18B6155800CA2307 /* NSManagedObjectContext+TTTBatchManipulation.m */ = {isa = PBXFileReference; fileEncoding = 4; lastKnownFileType = sourcecode.c.objc; path = "NSManagedObjectContext+TTTBatchManipulation.m"; sourceTree = "<group>"; };
		95695CFF18B6155800CA2307 /* NSManagedObjectContext+TTTConvenience.h */ = {isa = PBXFileReference; fileEncoding = 4; lastKnownFileType = sourcecode.c.h; path = "NSManagedObjectContext+TTTConvenience.h"; sourceTree = "<group>"; };
		95695D0018B6155800CA2307 /* NSManagedObjectContext+TTTConvenience.m */ = {isa = PBXFileReference; fileEncoding = 4; lastKnownFileType = sourcecode.c.objc; path = "NSManagedObjectContext+TTTConvenience.m"; sourceTree = "<group>"; };
		95695D0118B6155800CA2307 /* NSManagedObjectContext+TTTUniquing.h */ = {isa = PBXFileReference; fileEncoding = 4; lastKnownFileType = sourcecode.c.h; path = "NSManagedObjectContext+TTTUniquing.h"; sourceTree = "<group>"; };
		95695D0218B6155800CA2307 /* NSManagedObjectContext+TTTUniquing.m */ = {isa = PBXFileReference; fileEncoding = 4; lastKnownFileType = sourcecode.c.objc; path = "NSManagedObjectContext+TTTUniquing.m"; sourceTree = "<group>"; };
		95695D0318B6155800CA2307 /* TTTTimestamped.h */ = {isa = PBXFileReference; fileEncoding = 4; lastKnownFileType = sourcecode.c.h; path = TTTTimestamped.h; sourceTree = "<group>"; };
		95695D0418B6155800CA2307 /* TTTTimestamped.m */ = {isa = PBXFileReference; fileEncoding = 4; lastKnownFileType = sourcecode.c.objc; path = TTTTimestamped.m; sourceTree = "<group>"; };
		95695D0618B6155800CA2307 /* NSFetchedResultsController+TTTCacheControl.h */ = {isa = PBXFileReference; fileEncoding = 4; lastKnownFileType = sourcecode.c.h; path = "NSFetchedResultsController+TTTCacheControl.h"; sourceTree = "<group>"; };
		95695D0718B6155800CA2307 /* NSFetchedResultsController+TTTCacheControl.m */ = {isa = PBXFileReference; fileEncoding = 4; lastKnownFileType = sourcecode.c.objc; path = "NSFetchedResultsController+TTTCacheControl.m"; sourceTree = "<group>"; };
		95695D0818B6155800CA2307 /* NSFetchedResultsController+TTTEasySections.h */ = {isa = PBXFileReference; fileEncoding = 4; lastKnownFileType = sourcecode.c.h; path = "NSFetchedResultsController+TTTEasySections.h"; sourceTree = "<group>"; };
		95695D0918B6155800CA2307 /* NSFetchedResultsController+TTTEasySections.m */ = {isa = PBXFileReference; fileEncoding = 4; lastKnownFileType = sourcecode.c.objc; path = "NSFetchedResultsController+TTTEasySections.m"; sourceTree = "<group>"; };
		95695D0A18B6155800CA2307 /* NSPredicate+TTTConvenience.h */ = {isa = PBXFileReference; fileEncoding = 4; lastKnownFileType = sourcecode.c.h; path = "NSPredicate+TTTConvenience.h"; sourceTree = "<group>"; };
		95695D0B18B6155800CA2307 /* NSPredicate+TTTConvenience.m */ = {isa = PBXFileReference; fileEncoding = 4; lastKnownFileType = sourcecode.c.objc; path = "NSPredicate+TTTConvenience.m"; sourceTree = "<group>"; };
		95695D0C18B6155800CA2307 /* TTTAbstractManagedObject.h */ = {isa = PBXFileReference; fileEncoding = 4; lastKnownFileType = sourcecode.c.h; path = TTTAbstractManagedObject.h; sourceTree = "<group>"; };
		95695D0D18B6155800CA2307 /* TTTAbstractManagedObject.m */ = {isa = PBXFileReference; fileEncoding = 4; lastKnownFileType = sourcecode.c.objc; path = TTTAbstractManagedObject.m; sourceTree = "<group>"; };
		95695D0F18B6155800CA2307 /* NSPredicate+TTTConvenience.h */ = {isa = PBXFileReference; fileEncoding = 4; lastKnownFileType = sourcecode.c.h; path = "NSPredicate+TTTConvenience.h"; sourceTree = "<group>"; };
		95695D1018B6155800CA2307 /* NSPredicate+TTTConvenience.m */ = {isa = PBXFileReference; fileEncoding = 4; lastKnownFileType = sourcecode.c.objc; path = "NSPredicate+TTTConvenience.m"; sourceTree = "<group>"; };
		95695D1218B6155800CA2307 /* TTTCGUtils.h */ = {isa = PBXFileReference; fileEncoding = 4; lastKnownFileType = sourcecode.c.h; path = TTTCGUtils.h; sourceTree = "<group>"; };
		95695D1318B6155800CA2307 /* TTTCGUtils.m */ = {isa = PBXFileReference; fileEncoding = 4; lastKnownFileType = sourcecode.c.objc; path = TTTCGUtils.m; sourceTree = "<group>"; };
		95695D1518B6155800CA2307 /* TTTCyclicDelegateRetainer.h */ = {isa = PBXFileReference; fileEncoding = 4; lastKnownFileType = sourcecode.c.h; path = TTTCyclicDelegateRetainer.h; sourceTree = "<group>"; };
		95695D1618B6155800CA2307 /* TTTCyclicDelegateRetainer.m */ = {isa = PBXFileReference; fileEncoding = 4; lastKnownFileType = sourcecode.c.objc; path = TTTCyclicDelegateRetainer.m; sourceTree = "<group>"; };
		95695D1818B6155800CA2307 /* NSFastEnumeration+TTTMapping.h */ = {isa = PBXFileReference; fileEncoding = 4; lastKnownFileType = sourcecode.c.h; path = "NSFastEnumeration+TTTMapping.h"; sourceTree = "<group>"; };
		95695D1918B6155800CA2307 /* NSFastEnumeration+TTTMapping.m */ = {isa = PBXFileReference; fileEncoding = 4; lastKnownFileType = sourcecode.c.objc; path = "NSFastEnumeration+TTTMapping.m"; sourceTree = "<group>"; };
		95695D1A18B6155800CA2307 /* NSObject+TTTBlocks.h */ = {isa = PBXFileReference; fileEncoding = 4; lastKnownFileType = sourcecode.c.h; path = "NSObject+TTTBlocks.h"; sourceTree = "<group>"; };
		95695D1B18B6155800CA2307 /* NSObject+TTTBlocks.m */ = {isa = PBXFileReference; fileEncoding = 4; lastKnownFileType = sourcecode.c.objc; path = "NSObject+TTTBlocks.m"; sourceTree = "<group>"; };
		95695D1C18B6155800CA2307 /* NSObject+TTTUnless.h */ = {isa = PBXFileReference; fileEncoding = 4; lastKnownFileType = sourcecode.c.h; path = "NSObject+TTTUnless.h"; sourceTree = "<group>"; };
		95695D1D18B6155800CA2307 /* NSObject+TTTUnless.m */ = {isa = PBXFileReference; fileEncoding = 4; lastKnownFileType = sourcecode.c.objc; path = "NSObject+TTTUnless.m"; sourceTree = "<group>"; };
		95695D1E18B6155800CA2307 /* NSString+TTTEmptiness.h */ = {isa = PBXFileReference; fileEncoding = 4; lastKnownFileType = sourcecode.c.h; path = "NSString+TTTEmptiness.h"; sourceTree = "<group>"; };
		95695D1F18B6155800CA2307 /* NSString+TTTEmptiness.m */ = {isa = PBXFileReference; fileEncoding = 4; lastKnownFileType = sourcecode.c.objc; path = "NSString+TTTEmptiness.m"; sourceTree = "<group>"; };
		95695D2018B6155800CA2307 /* NSString+TTTURLEncoding.h */ = {isa = PBXFileReference; fileEncoding = 4; lastKnownFileType = sourcecode.c.h; path = "NSString+TTTURLEncoding.h"; sourceTree = "<group>"; };
		95695D2118B6155800CA2307 /* NSString+TTTURLEncoding.m */ = {isa = PBXFileReference; fileEncoding = 4; lastKnownFileType = sourcecode.c.objc; path = "NSString+TTTURLEncoding.m"; sourceTree = "<group>"; };
		95695D2318B6155800CA2307 /* UIImage+TTTResizing.h */ = {isa = PBXFileReference; fileEncoding = 4; lastKnownFileType = sourcecode.c.h; path = "UIImage+TTTResizing.h"; sourceTree = "<group>"; };
		95695D2418B6155800CA2307 /* UIImage+TTTResizing.m */ = {isa = PBXFileReference; fileEncoding = 4; lastKnownFileType = sourcecode.c.objc; path = "UIImage+TTTResizing.m"; sourceTree = "<group>"; };
		95695D2518B6155800CA2307 /* UIView+TTTHitTesting.h */ = {isa = PBXFileReference; fileEncoding = 4; lastKnownFileType = sourcecode.c.h; path = "UIView+TTTHitTesting.h"; sourceTree = "<group>"; };
		95695D2618B6155800CA2307 /* UIView+TTTHitTesting.m */ = {isa = PBXFileReference; fileEncoding = 4; lastKnownFileType = sourcecode.c.objc; path = "UIView+TTTHitTesting.m"; sourceTree = "<group>"; };
		95695D2718B6155800CA2307 /* UIView+TTTLayout.h */ = {isa = PBXFileReference; fileEncoding = 4; lastKnownFileType = sourcecode.c.h; path = "UIView+TTTLayout.h"; sourceTree = "<group>"; };
		95695D2818B6155800CA2307 /* UIView+TTTLayout.m */ = {isa = PBXFileReference; fileEncoding = 4; lastKnownFileType = sourcecode.c.objc; path = "UIView+TTTLayout.m"; sourceTree = "<group>"; };
		95695D2A18B6155800CA2307 /* TTTLog.h */ = {isa = PBXFileReference; fileEncoding = 4; lastKnownFileType = sourcecode.c.h; path = TTTLog.h; sourceTree = "<group>"; };
		95695D2B18B6155800CA2307 /* TTTLog.m */ = {isa = PBXFileReference; fileEncoding = 4; lastKnownFileType = sourcecode.c.objc; path = TTTLog.m; sourceTree = "<group>"; };
		95695D2D18B6155800CA2307 /* TTTLog.h */ = {isa = PBXFileReference; fileEncoding = 4; lastKnownFileType = sourcecode.c.h; path = TTTLog.h; sourceTree = "<group>"; };
		95695D2E18B6155800CA2307 /* TTTLog.m */ = {isa = PBXFileReference; fileEncoding = 4; lastKnownFileType = sourcecode.c.objc; path = TTTLog.m; sourceTree = "<group>"; };
		95695D3018B6155800CA2307 /* TTTAbstractJSONMapping.h */ = {isa = PBXFileReference; fileEncoding = 4; lastKnownFileType = sourcecode.c.h; path = TTTAbstractJSONMapping.h; sourceTree = "<group>"; };
		95695D3118B6155800CA2307 /* TTTAbstractJSONMapping.m */ = {isa = PBXFileReference; fileEncoding = 4; lastKnownFileType = sourcecode.c.objc; path = TTTAbstractJSONMapping.m; sourceTree = "<group>"; };
		95695D3218B6155800CA2307 /* TTTAbstractPersistenceProxy.h */ = {isa = PBXFileReference; fileEncoding = 4; lastKnownFileType = sourcecode.c.h; path = TTTAbstractPersistenceProxy.h; sourceTree = "<group>"; };
		95695D3318B6155800CA2307 /* TTTAbstractPersistenceProxy.m */ = {isa = PBXFileReference; fileEncoding = 4; lastKnownFileType = sourcecode.c.objc; path = TTTAbstractPersistenceProxy.m; sourceTree = "<group>"; };
		95695D3418B6155800CA2307 /* TTTJSONAttributeMapping.h */ = {isa = PBXFileReference; fileEncoding = 4; lastKnownFileType = sourcecode.c.h; path = TTTJSONAttributeMapping.h; sourceTree = "<group>"; };
		95695D3518B6155800CA2307 /* TTTJSONAttributeMapping.m */ = {isa = PBXFileReference; fileEncoding = 4; lastKnownFileType = sourcecode.c.objc; path = TTTJSONAttributeMapping.m; sourceTree = "<group>"; };
		95695D3618B6155800CA2307 /* TTTJSONMapper.h */ = {isa = PBXFileReference; fileEncoding = 4; lastKnownFileType = sourcecode.c.h; path = TTTJSONMapper.h; sourceTree = "<group>"; };
		95695D3718B6155800CA2307 /* TTTJSONMapper.m */ = {isa = PBXFileReference; fileEncoding = 4; lastKnownFileType = sourcecode.c.objc; path = TTTJSONMapper.m; sourceTree = "<group>"; };
		95695D3818B6155800CA2307 /* TTTJSONRelationshipMapping.h */ = {isa = PBXFileReference; fileEncoding = 4; lastKnownFileType = sourcecode.c.h; path = TTTJSONRelationshipMapping.h; sourceTree = "<group>"; };
		95695D3918B6155800CA2307 /* TTTJSONRelationshipMapping.m */ = {isa = PBXFileReference; fileEncoding = 4; lastKnownFileType = sourcecode.c.objc; path = TTTJSONRelationshipMapping.m; sourceTree = "<group>"; };
		95695D3A18B6155800CA2307 /* TTTMappingPersistenceProxy.h */ = {isa = PBXFileReference; fileEncoding = 4; lastKnownFileType = sourcecode.c.h; path = TTTMappingPersistenceProxy.h; sourceTree = "<group>"; };
		95695D3B18B6155800CA2307 /* TTTMappingPersistenceProxy.m */ = {isa = PBXFileReference; fileEncoding = 4; lastKnownFileType = sourcecode.c.objc; path = TTTMappingPersistenceProxy.m; sourceTree = "<group>"; };
		95695D3D18B6155800CA2307 /* TTTTableViewDataSourceItemController.h */ = {isa = PBXFileReference; fileEncoding = 4; lastKnownFileType = sourcecode.c.h; path = TTTTableViewDataSourceItemController.h; sourceTree = "<group>"; };
		95695D3E18B6155800CA2307 /* TTTTableViewDataSourceItemController.m */ = {isa = PBXFileReference; fileEncoding = 4; lastKnownFileType = sourcecode.c.objc; path = TTTTableViewDataSourceItemController.m; sourceTree = "<group>"; };
		95695D3F18B6155800CA2307 /* TTTTableViewDelegateItemController.h */ = {isa = PBXFileReference; fileEncoding = 4; lastKnownFileType = sourcecode.c.h; path = TTTTableViewDelegateItemController.h; sourceTree = "<group>"; };
		95695D4018B6155800CA2307 /* TTTTableViewDelegateItemController.m */ = {isa = PBXFileReference; fileEncoding = 4; lastKnownFileType = sourcecode.c.objc; path = TTTTableViewDelegateItemController.m; sourceTree = "<group>"; };
		95695D4118B6155800CA2307 /* TTTTableViewFetchedItem.h */ = {isa = PBXFileReference; fileEncoding = 4; lastKnownFileType = sourcecode.c.h; path = TTTTableViewFetchedItem.h; sourceTree = "<group>"; };
		95695D4218B6155800CA2307 /* TTTTableViewFetchedItem.m */ = {isa = PBXFileReference; fileEncoding = 4; lastKnownFileType = sourcecode.c.objc; path = TTTTableViewFetchedItem.m; sourceTree = "<group>"; };
		95695D4318B6155800CA2307 /* TTTTableViewFetchedSection.h */ = {isa = PBXFileReference; fileEncoding = 4; lastKnownFileType = sourcecode.c.h; path = TTTTableViewFetchedSection.h; sourceTree = "<group>"; };
		95695D4418B6155800CA2307 /* TTTTableViewFetchedSection.m */ = {isa = PBXFileReference; fileEncoding = 4; lastKnownFileType = sourcecode.c.objc; path = TTTTableViewFetchedSection.m; sourceTree = "<group>"; };
		95695D4518B6155800CA2307 /* TTTTableViewItem.h */ = {isa = PBXFileReference; fileEncoding = 4; lastKnownFileType = sourcecode.c.h; path = TTTTableViewItem.h; sourceTree = "<group>"; };
		95695D4618B6155800CA2307 /* TTTTableViewItem.m */ = {isa = PBXFileReference; fileEncoding = 4; lastKnownFileType = sourcecode.c.objc; path = TTTTableViewItem.m; sourceTree = "<group>"; };
		95695D4718B6155800CA2307 /* TTTTableViewItemController.h */ = {isa = PBXFileReference; fileEncoding = 4; lastKnownFileType = sourcecode.c.h; path = TTTTableViewItemController.h; sourceTree = "<group>"; };
		95695D4818B6155800CA2307 /* TTTTableViewItemController.m */ = {isa = PBXFileReference; fileEncoding = 4; lastKnownFileType = sourcecode.c.objc; path = TTTTableViewItemController.m; sourceTree = "<group>"; };
		95695D4918B6155800CA2307 /* TTTTableViewSection.h */ = {isa = PBXFileReference; fileEncoding = 4; lastKnownFileType = sourcecode.c.h; path = TTTTableViewSection.h; sourceTree = "<group>"; };
		95695D4A18B6155800CA2307 /* TTTTableViewSection.m */ = {isa = PBXFileReference; fileEncoding = 4; lastKnownFileType = sourcecode.c.objc; path = TTTTableViewSection.m; sourceTree = "<group>"; };
		95695D4B18B6155800CA2307 /* UITableViewCell+TTTCreation.h */ = {isa = PBXFileReference; fileEncoding = 4; lastKnownFileType = sourcecode.c.h; path = "UITableViewCell+TTTCreation.h"; sourceTree = "<group>"; };
		95695D4C18B6155800CA2307 /* UITableViewCell+TTTCreation.m */ = {isa = PBXFileReference; fileEncoding = 4; lastKnownFileType = sourcecode.c.objc; path = "UITableViewCell+TTTCreation.m"; sourceTree = "<group>"; };
		95695D4E18B6155800CA2307 /* TTTDrawnView.h */ = {isa = PBXFileReference; fileEncoding = 4; lastKnownFileType = sourcecode.c.h; path = TTTDrawnView.h; sourceTree = "<group>"; };
		95695D4F18B6155800CA2307 /* TTTDrawnView.m */ = {isa = PBXFileReference; fileEncoding = 4; lastKnownFileType = sourcecode.c.objc; path = TTTDrawnView.m; sourceTree = "<group>"; };
		95695D5018B6155800CA2307 /* TTTTheme.h */ = {isa = PBXFileReference; fileEncoding = 4; lastKnownFileType = sourcecode.c.h; path = TTTTheme.h; sourceTree = "<group>"; };
		95695D5118B6155800CA2307 /* TTTTheme.m */ = {isa = PBXFileReference; fileEncoding = 4; lastKnownFileType = sourcecode.c.objc; path = TTTTheme.m; sourceTree = "<group>"; };
		95695D5218B6155800CA2307 /* UIImage+TTTDrawing.h */ = {isa = PBXFileReference; fileEncoding = 4; lastKnownFileType = sourcecode.c.h; path = "UIImage+TTTDrawing.h"; sourceTree = "<group>"; };
		95695D5318B6155800CA2307 /* UIImage+TTTDrawing.m */ = {isa = PBXFileReference; fileEncoding = 4; lastKnownFileType = sourcecode.c.objc; path = "UIImage+TTTDrawing.m"; sourceTree = "<group>"; };
		95695D5418B6155800CA2307 /* TwelveTwentyToolkit.h */ = {isa = PBXFileReference; fileEncoding = 4; lastKnownFileType = sourcecode.c.h; path = TwelveTwentyToolkit.h; sourceTree = "<group>"; };
		95695D5518B6155800CA2307 /* TwelveTwentyToolkit.m */ = {isa = PBXFileReference; fileEncoding = 4; lastKnownFileType = sourcecode.c.objc; path = TwelveTwentyToolkit.m; sourceTree = "<group>"; };
		95934FD7167B283E00E4ED39 /* AddressBook.framework */ = {isa = PBXFileReference; lastKnownFileType = wrapper.framework; name = AddressBook.framework; path = System/Library/Frameworks/AddressBook.framework; sourceTree = SDKROOT; };
		95934FD9167B284800E4ED39 /* CoreData.framework */ = {isa = PBXFileReference; lastKnownFileType = wrapper.framework; name = CoreData.framework; path = System/Library/Frameworks/CoreData.framework; sourceTree = SDKROOT; };
		95934FDB167B285200E4ED39 /* QuartzCore.framework */ = {isa = PBXFileReference; lastKnownFileType = wrapper.framework; name = QuartzCore.framework; path = System/Library/Frameworks/QuartzCore.framework; sourceTree = SDKROOT; };
		95934FDF167B28B500E4ED39 /* CoreGraphics.framework */ = {isa = PBXFileReference; lastKnownFileType = wrapper.framework; name = CoreGraphics.framework; path = System/Library/Frameworks/CoreGraphics.framework; sourceTree = SDKROOT; };
		95934FE1167B28C800E4ED39 /* UIKit.framework */ = {isa = PBXFileReference; lastKnownFileType = wrapper.framework; name = UIKit.framework; path = System/Library/Frameworks/UIKit.framework; sourceTree = SDKROOT; };
		95934FE4167B293A00E4ED39 /* TTTCoreGraphicsTestCase.h */ = {isa = PBXFileReference; fileEncoding = 4; lastKnownFileType = sourcecode.c.h; path = TTTCoreGraphicsTestCase.h; sourceTree = "<group>"; };
		95934FE5167B293A00E4ED39 /* TTTCoreGraphicsTestCase.m */ = {isa = PBXFileReference; fileEncoding = 4; lastKnownFileType = sourcecode.c.objc; path = TTTCoreGraphicsTestCase.m; sourceTree = "<group>"; };
		95934FE8167B296600E4ED39 /* TTTDependencyInjectionTestCase.h */ = {isa = PBXFileReference; fileEncoding = 4; lastKnownFileType = sourcecode.c.h; path = TTTDependencyInjectionTestCase.h; sourceTree = "<group>"; };
		95934FE9167B296600E4ED39 /* TTTDependencyInjectionTestCase.m */ = {isa = PBXFileReference; fileEncoding = 4; lastKnownFileType = sourcecode.c.objc; path = TTTDependencyInjectionTestCase.m; sourceTree = "<group>"; };
		95934FEC167B2A0900E4ED39 /* TTTDISimpleObject.h */ = {isa = PBXFileReference; fileEncoding = 4; lastKnownFileType = sourcecode.c.h; path = TTTDISimpleObject.h; sourceTree = "<group>"; };
		95934FED167B2A0900E4ED39 /* TTTDISimpleObject.m */ = {isa = PBXFileReference; fileEncoding = 4; lastKnownFileType = sourcecode.c.objc; path = TTTDISimpleObject.m; sourceTree = "<group>"; };
		95934FEF167B2A4900E4ED39 /* TTTDIBaseObject.h */ = {isa = PBXFileReference; fileEncoding = 4; lastKnownFileType = sourcecode.c.h; path = TTTDIBaseObject.h; sourceTree = "<group>"; };
		95934FF0167B2A4900E4ED39 /* TTTDIBaseObject.m */ = {isa = PBXFileReference; fileEncoding = 4; lastKnownFileType = sourcecode.c.objc; path = TTTDIBaseObject.m; sourceTree = "<group>"; };
		95934FF2167B2A5F00E4ED39 /* TTTDIConcreteObject.h */ = {isa = PBXFileReference; fileEncoding = 4; lastKnownFileType = sourcecode.c.h; path = TTTDIConcreteObject.h; sourceTree = "<group>"; };
		95934FF3167B2A5F00E4ED39 /* TTTDIConcreteObject.m */ = {isa = PBXFileReference; fileEncoding = 4; lastKnownFileType = sourcecode.c.objc; path = TTTDIConcreteObject.m; sourceTree = "<group>"; };
		95934FF8167B2D4D00E4ED39 /* TTTDIBaseSingleton.h */ = {isa = PBXFileReference; fileEncoding = 4; lastKnownFileType = sourcecode.c.h; path = TTTDIBaseSingleton.h; sourceTree = "<group>"; };
		95934FF9167B2D4D00E4ED39 /* TTTDIBaseSingleton.m */ = {isa = PBXFileReference; fileEncoding = 4; lastKnownFileType = sourcecode.c.objc; path = TTTDIBaseSingleton.m; sourceTree = "<group>"; };
		95934FFB167B2D5E00E4ED39 /* TTTDIConcreteSingleton.h */ = {isa = PBXFileReference; fileEncoding = 4; lastKnownFileType = sourcecode.c.h; path = TTTDIConcreteSingleton.h; sourceTree = "<group>"; };
		95934FFC167B2D5F00E4ED39 /* TTTDIConcreteSingleton.m */ = {isa = PBXFileReference; fileEncoding = 4; lastKnownFileType = sourcecode.c.objc; path = TTTDIConcreteSingleton.m; sourceTree = "<group>"; };
		95934FFE167B2D7F00E4ED39 /* TTTDISimpleSingleton.h */ = {isa = PBXFileReference; fileEncoding = 4; lastKnownFileType = sourcecode.c.h; path = TTTDISimpleSingleton.h; sourceTree = "<group>"; };
		95934FFF167B2D7F00E4ED39 /* TTTDISimpleSingleton.m */ = {isa = PBXFileReference; fileEncoding = 4; lastKnownFileType = sourcecode.c.objc; path = TTTDISimpleSingleton.m; sourceTree = "<group>"; };
		95935001167B318100E4ED39 /* TTTDIInjectableObject.h */ = {isa = PBXFileReference; fileEncoding = 4; lastKnownFileType = sourcecode.c.h; path = TTTDIInjectableObject.h; sourceTree = "<group>"; };
		95935002167B318100E4ED39 /* TTTDIInjectableObject.m */ = {isa = PBXFileReference; fileEncoding = 4; lastKnownFileType = sourcecode.c.objc; path = TTTDIInjectableObject.m; sourceTree = "<group>"; };
		95DC8FAE167B26B200AF1428 /* libTwelveTwentyToolkit.a */ = {isa = PBXFileReference; explicitFileType = archive.ar; includeInIndex = 0; path = libTwelveTwentyToolkit.a; sourceTree = BUILT_PRODUCTS_DIR; };
		95DC8FB1167B26B200AF1428 /* Foundation.framework */ = {isa = PBXFileReference; lastKnownFileType = wrapper.framework; name = Foundation.framework; path = System/Library/Frameworks/Foundation.framework; sourceTree = SDKROOT; };
		95DC8FB5167B26B200AF1428 /* TwelveTwentyToolkit-Prefix.pch */ = {isa = PBXFileReference; lastKnownFileType = sourcecode.c.h; path = "TwelveTwentyToolkit-Prefix.pch"; sourceTree = "<group>"; };
		95DC8FBF167B26B200AF1428 /* TwelveTwentyToolkitTests.octest */ = {isa = PBXFileReference; explicitFileType = wrapper.cfbundle; includeInIndex = 0; path = TwelveTwentyToolkitTests.octest; sourceTree = BUILT_PRODUCTS_DIR; };
		95DC8FC0167B26B200AF1428 /* SenTestingKit.framework */ = {isa = PBXFileReference; lastKnownFileType = wrapper.framework; name = SenTestingKit.framework; path = Library/Frameworks/SenTestingKit.framework; sourceTree = DEVELOPER_DIR; };
		95DC8FCA167B26B200AF1428 /* TwelveTwentyToolkitTests-Info.plist */ = {isa = PBXFileReference; lastKnownFileType = text.plist.xml; path = "TwelveTwentyToolkitTests-Info.plist"; sourceTree = "<group>"; };
		95DC8FCC167B26B200AF1428 /* en */ = {isa = PBXFileReference; lastKnownFileType = text.plist.strings; name = en; path = en.lproj/InfoPlist.strings; sourceTree = "<group>"; };
/* End PBXFileReference section */

/* Begin PBXFrameworksBuildPhase section */
		95DC8FAB167B26B200AF1428 /* Frameworks */ = {
			isa = PBXFrameworksBuildPhase;
			buildActionMask = 2147483647;
			files = (
				95934FDC167B285200E4ED39 /* QuartzCore.framework in Frameworks */,
				95934FDA167B284800E4ED39 /* CoreData.framework in Frameworks */,
				95934FD8167B283E00E4ED39 /* AddressBook.framework in Frameworks */,
				95DC8FB2167B26B200AF1428 /* Foundation.framework in Frameworks */,
			);
			runOnlyForDeploymentPostprocessing = 0;
		};
		95DC8FBB167B26B200AF1428 /* Frameworks */ = {
			isa = PBXFrameworksBuildPhase;
			buildActionMask = 2147483647;
			files = (
				95934FE2167B28C800E4ED39 /* UIKit.framework in Frameworks */,
				95934FE0167B28B500E4ED39 /* CoreGraphics.framework in Frameworks */,
				95934FDE167B288400E4ED39 /* AddressBook.framework in Frameworks */,
				95934FDD167B287F00E4ED39 /* CoreData.framework in Frameworks */,
				95DC8FC1167B26B200AF1428 /* SenTestingKit.framework in Frameworks */,
				95DC8FC4167B26B200AF1428 /* Foundation.framework in Frameworks */,
				95DC8FC7167B26B200AF1428 /* libTwelveTwentyToolkit.a in Frameworks */,
			);
			runOnlyForDeploymentPostprocessing = 0;
		};
/* End PBXFrameworksBuildPhase section */

/* Begin PBXGroup section */
		95695CE318B6155800CA2307 /* AddressBook */ = {
			isa = PBXGroup;
			children = (
				95695CE418B6155800CA2307 /* Entities */,
				95695CEE18B6155800CA2307 /* generate_classes.sh */,
				95695CEF18B6155800CA2307 /* TTTUnifiedAddressBook.h */,
				95695CF018B6155800CA2307 /* TTTUnifiedAddressBook.m */,
				95695CF118B6155800CA2307 /* TTTUnifiedAddressBook.xcdatamodeld */,
				95695CF318B6155800CA2307 /* TTTUnifiedCard.h */,
				95695CF418B6155800CA2307 /* TTTUnifiedCard.m */,
			);
			path = AddressBook;
			sourceTree = "<group>";
		};
		95695CE418B6155800CA2307 /* Entities */ = {
			isa = PBXGroup;
			children = (
				95695CE518B6155800CA2307 /* Abstract */,
				95695CEA18B6155800CA2307 /* TTTCDLinkedRecord.h */,
				95695CEB18B6155800CA2307 /* TTTCDLinkedRecord.m */,
				95695CEC18B6155800CA2307 /* TTTCDUnifiedRecord.h */,
				95695CED18B6155800CA2307 /* TTTCDUnifiedRecord.m */,
			);
			path = Entities;
			sourceTree = "<group>";
		};
		95695CE518B6155800CA2307 /* Abstract */ = {
			isa = PBXGroup;
			children = (
				95695CE618B6155800CA2307 /* _TTTCDLinkedRecord.h */,
				95695CE718B6155800CA2307 /* _TTTCDLinkedRecord.m */,
				95695CE818B6155800CA2307 /* _TTTCDUnifiedRecord.h */,
				95695CE918B6155800CA2307 /* _TTTCDUnifiedRecord.m */,
			);
			path = Abstract;
			sourceTree = "<group>";
		};
		95695CF518B6155800CA2307 /* CoreAnimation */ = {
			isa = PBXGroup;
			children = (
				95695CF618B6155800CA2307 /* CALayer+TTTCrossfade.h */,
				95695CF718B6155800CA2307 /* CALayer+TTTCrossfade.m */,
			);
			path = CoreAnimation;
			sourceTree = "<group>";
		};
		95695CF818B6155800CA2307 /* CoreData */ = {
			isa = PBXGroup;
			children = (
				95695CF918B6155800CA2307 /* NSFetchRequest+TTTRequestConfiguration.h */,
				95695CFA18B6155800CA2307 /* NSFetchRequest+TTTRequestConfiguration.m */,
				95695CFB18B6155800CA2307 /* NSManagedObject+TTTUniquing.h */,
				95695CFC18B6155800CA2307 /* NSManagedObject+TTTUniquing.m */,
				95695CFD18B6155800CA2307 /* NSManagedObjectContext+TTTBatchManipulation.h */,
				95695CFE18B6155800CA2307 /* NSManagedObjectContext+TTTBatchManipulation.m */,
				95695CFF18B6155800CA2307 /* NSManagedObjectContext+TTTConvenience.h */,
				95695D0018B6155800CA2307 /* NSManagedObjectContext+TTTConvenience.m */,
				95695D0118B6155800CA2307 /* NSManagedObjectContext+TTTUniquing.h */,
				95695D0218B6155800CA2307 /* NSManagedObjectContext+TTTUniquing.m */,
				95695D0318B6155800CA2307 /* TTTTimestamped.h */,
				95695D0418B6155800CA2307 /* TTTTimestamped.m */,
			);
			path = CoreData;
			sourceTree = "<group>";
		};
		95695D0518B6155800CA2307 /* CoreData-iOS */ = {
			isa = PBXGroup;
			children = (
				95695D0618B6155800CA2307 /* NSFetchedResultsController+TTTCacheControl.h */,
				95695D0718B6155800CA2307 /* NSFetchedResultsController+TTTCacheControl.m */,
				95695D0818B6155800CA2307 /* NSFetchedResultsController+TTTEasySections.h */,
				95695D0918B6155800CA2307 /* NSFetchedResultsController+TTTEasySections.m */,
				95695D0A18B6155800CA2307 /* NSPredicate+TTTConvenience.h */,
				95695D0B18B6155800CA2307 /* NSPredicate+TTTConvenience.m */,
				95695D0C18B6155800CA2307 /* TTTAbstractManagedObject.h */,
				95695D0D18B6155800CA2307 /* TTTAbstractManagedObject.m */,
			);
			path = "CoreData-iOS";
			sourceTree = "<group>";
		};
		95695D0E18B6155800CA2307 /* CoreData-OSX */ = {
			isa = PBXGroup;
			children = (
				95695D0F18B6155800CA2307 /* NSPredicate+TTTConvenience.h */,
				95695D1018B6155800CA2307 /* NSPredicate+TTTConvenience.m */,
			);
			path = "CoreData-OSX";
			sourceTree = "<group>";
		};
		95695D1118B6155800CA2307 /* CoreGraphics */ = {
			isa = PBXGroup;
			children = (
				95695D1218B6155800CA2307 /* TTTCGUtils.h */,
				95695D1318B6155800CA2307 /* TTTCGUtils.m */,
			);
			path = CoreGraphics;
			sourceTree = "<group>";
		};
		95695D1418B6155800CA2307 /* CyclicDelegateRetainer */ = {
			isa = PBXGroup;
			children = (
				95695D1518B6155800CA2307 /* TTTCyclicDelegateRetainer.h */,
				95695D1618B6155800CA2307 /* TTTCyclicDelegateRetainer.m */,
			);
			path = CyclicDelegateRetainer;
			sourceTree = "<group>";
		};
		95695D1718B6155800CA2307 /* Foundation */ = {
			isa = PBXGroup;
			children = (
				95695D1818B6155800CA2307 /* NSFastEnumeration+TTTMapping.h */,
				95695D1918B6155800CA2307 /* NSFastEnumeration+TTTMapping.m */,
				95695D1A18B6155800CA2307 /* NSObject+TTTBlocks.h */,
				95695D1B18B6155800CA2307 /* NSObject+TTTBlocks.m */,
				95695D1C18B6155800CA2307 /* NSObject+TTTUnless.h */,
				95695D1D18B6155800CA2307 /* NSObject+TTTUnless.m */,
				95695D1E18B6155800CA2307 /* NSString+TTTEmptiness.h */,
				95695D1F18B6155800CA2307 /* NSString+TTTEmptiness.m */,
				95695D2018B6155800CA2307 /* NSString+TTTURLEncoding.h */,
				95695D2118B6155800CA2307 /* NSString+TTTURLEncoding.m */,
			);
			path = Foundation;
			sourceTree = "<group>";
		};
		95695D2218B6155800CA2307 /* Layout */ = {
			isa = PBXGroup;
			children = (
				95695D2318B6155800CA2307 /* UIImage+TTTResizing.h */,
				95695D2418B6155800CA2307 /* UIImage+TTTResizing.m */,
				95695D2518B6155800CA2307 /* UIView+TTTHitTesting.h */,
				95695D2618B6155800CA2307 /* UIView+TTTHitTesting.m */,
				95695D2718B6155800CA2307 /* UIView+TTTLayout.h */,
				95695D2818B6155800CA2307 /* UIView+TTTLayout.m */,
			);
			path = Layout;
			sourceTree = "<group>";
		};
		95695D2918B6155800CA2307 /* Logging */ = {
			isa = PBXGroup;
			children = (
				95695D2A18B6155800CA2307 /* TTTLog.h */,
				95695D2B18B6155800CA2307 /* TTTLog.m */,
			);
			path = Logging;
			sourceTree = "<group>";
		};
		95695D2C18B6155800CA2307 /* Logging-iOS */ = {
			isa = PBXGroup;
			children = (
				95695D2D18B6155800CA2307 /* TTTLog.h */,
				95695D2E18B6155800CA2307 /* TTTLog.m */,
			);
			path = "Logging-iOS";
			sourceTree = "<group>";
		};
		95695D2F18B6155800CA2307 /* Persistence */ = {
			isa = PBXGroup;
			children = (
				95695D3018B6155800CA2307 /* TTTAbstractJSONMapping.h */,
				95695D3118B6155800CA2307 /* TTTAbstractJSONMapping.m */,
				95695D3218B6155800CA2307 /* TTTAbstractPersistenceProxy.h */,
				95695D3318B6155800CA2307 /* TTTAbstractPersistenceProxy.m */,
				95695D3418B6155800CA2307 /* TTTJSONAttributeMapping.h */,
				95695D3518B6155800CA2307 /* TTTJSONAttributeMapping.m */,
				95695D3618B6155800CA2307 /* TTTJSONMapper.h */,
				95695D3718B6155800CA2307 /* TTTJSONMapper.m */,
				95695D3818B6155800CA2307 /* TTTJSONRelationshipMapping.h */,
				95695D3918B6155800CA2307 /* TTTJSONRelationshipMapping.m */,
				95695D3A18B6155800CA2307 /* TTTMappingPersistenceProxy.h */,
				95695D3B18B6155800CA2307 /* TTTMappingPersistenceProxy.m */,
			);
			path = Persistence;
			sourceTree = "<group>";
		};
		95695D3C18B6155800CA2307 /* Tables */ = {
			isa = PBXGroup;
			children = (
				95695D3D18B6155800CA2307 /* TTTTableViewDataSourceItemController.h */,
				95695D3E18B6155800CA2307 /* TTTTableViewDataSourceItemController.m */,
				95695D3F18B6155800CA2307 /* TTTTableViewDelegateItemController.h */,
				95695D4018B6155800CA2307 /* TTTTableViewDelegateItemController.m */,
				95695D4118B6155800CA2307 /* TTTTableViewFetchedItem.h */,
				95695D4218B6155800CA2307 /* TTTTableViewFetchedItem.m */,
				95695D4318B6155800CA2307 /* TTTTableViewFetchedSection.h */,
				95695D4418B6155800CA2307 /* TTTTableViewFetchedSection.m */,
				95695D4518B6155800CA2307 /* TTTTableViewItem.h */,
				95695D4618B6155800CA2307 /* TTTTableViewItem.m */,
				95695D4718B6155800CA2307 /* TTTTableViewItemController.h */,
				95695D4818B6155800CA2307 /* TTTTableViewItemController.m */,
				95695D4918B6155800CA2307 /* TTTTableViewSection.h */,
				95695D4A18B6155800CA2307 /* TTTTableViewSection.m */,
				95695D4B18B6155800CA2307 /* UITableViewCell+TTTCreation.h */,
				95695D4C18B6155800CA2307 /* UITableViewCell+TTTCreation.m */,
			);
			path = Tables;
			sourceTree = "<group>";
		};
		95695D4D18B6155800CA2307 /* Theming */ = {
			isa = PBXGroup;
			children = (
				95695D4E18B6155800CA2307 /* TTTDrawnView.h */,
				95695D4F18B6155800CA2307 /* TTTDrawnView.m */,
				95695D5018B6155800CA2307 /* TTTTheme.h */,
				95695D5118B6155800CA2307 /* TTTTheme.m */,
				95695D5218B6155800CA2307 /* UIImage+TTTDrawing.h */,
				95695D5318B6155800CA2307 /* UIImage+TTTDrawing.m */,
			);
			path = Theming;
			sourceTree = "<group>";
		};
		95934FE3167B293A00E4ED39 /* CoreGraphics */ = {
			isa = PBXGroup;
			children = (
				95934FE4167B293A00E4ED39 /* TTTCoreGraphicsTestCase.h */,
				95934FE5167B293A00E4ED39 /* TTTCoreGraphicsTestCase.m */,
			);
			path = CoreGraphics;
			sourceTree = "<group>";
		};
		95934FE7167B294E00E4ED39 /* DependencyInjection */ = {
			isa = PBXGroup;
			children = (
				95934FEB167B29EF00E4ED39 /* HelperClasses */,
				95934FE8167B296600E4ED39 /* TTTDependencyInjectionTestCase.h */,
				95934FE9167B296600E4ED39 /* TTTDependencyInjectionTestCase.m */,
			);
			path = DependencyInjection;
			sourceTree = "<group>";
		};
		95934FEB167B29EF00E4ED39 /* HelperClasses */ = {
			isa = PBXGroup;
			children = (
				95934FF8167B2D4D00E4ED39 /* TTTDIBaseSingleton.h */,
				95934FF9167B2D4D00E4ED39 /* TTTDIBaseSingleton.m */,
				95934FEC167B2A0900E4ED39 /* TTTDISimpleObject.h */,
				95934FED167B2A0900E4ED39 /* TTTDISimpleObject.m */,
				95934FEF167B2A4900E4ED39 /* TTTDIBaseObject.h */,
				95934FF0167B2A4900E4ED39 /* TTTDIBaseObject.m */,
				95934FF2167B2A5F00E4ED39 /* TTTDIConcreteObject.h */,
				95934FF3167B2A5F00E4ED39 /* TTTDIConcreteObject.m */,
				95934FFB167B2D5E00E4ED39 /* TTTDIConcreteSingleton.h */,
				95934FFC167B2D5F00E4ED39 /* TTTDIConcreteSingleton.m */,
				95934FFE167B2D7F00E4ED39 /* TTTDISimpleSingleton.h */,
				95934FFF167B2D7F00E4ED39 /* TTTDISimpleSingleton.m */,
				95935001167B318100E4ED39 /* TTTDIInjectableObject.h */,
				95935002167B318100E4ED39 /* TTTDIInjectableObject.m */,
			);
			path = HelperClasses;
			sourceTree = "<group>";
		};
		95DC8FA3167B26B200AF1428 = {
			isa = PBXGroup;
			children = (
				95DC8FB3167B26B200AF1428 /* TwelveTwentyToolkit */,
				95DC8FC8167B26B200AF1428 /* TwelveTwentyToolkitTests */,
				95DC8FB0167B26B200AF1428 /* Frameworks */,
				95DC8FAF167B26B200AF1428 /* Products */,
			);
			sourceTree = "<group>";
		};
		95DC8FAF167B26B200AF1428 /* Products */ = {
			isa = PBXGroup;
			children = (
				95DC8FAE167B26B200AF1428 /* libTwelveTwentyToolkit.a */,
				95DC8FBF167B26B200AF1428 /* TwelveTwentyToolkitTests.octest */,
			);
			name = Products;
			sourceTree = "<group>";
		};
		95DC8FB0167B26B200AF1428 /* Frameworks */ = {
			isa = PBXGroup;
			children = (
				95934FE1167B28C800E4ED39 /* UIKit.framework */,
				95934FDF167B28B500E4ED39 /* CoreGraphics.framework */,
				95934FDB167B285200E4ED39 /* QuartzCore.framework */,
				95934FD9167B284800E4ED39 /* CoreData.framework */,
				95934FD7167B283E00E4ED39 /* AddressBook.framework */,
				95DC8FB1167B26B200AF1428 /* Foundation.framework */,
				95DC8FC0167B26B200AF1428 /* SenTestingKit.framework */,
			);
			name = Frameworks;
			sourceTree = "<group>";
		};
		95DC8FB3167B26B200AF1428 /* TwelveTwentyToolkit */ = {
			isa = PBXGroup;
			children = (
				95695CE318B6155800CA2307 /* AddressBook */,
				95695CF518B6155800CA2307 /* CoreAnimation */,
				95695CF818B6155800CA2307 /* CoreData */,
				95695D0518B6155800CA2307 /* CoreData-iOS */,
				95695D0E18B6155800CA2307 /* CoreData-OSX */,
				95695D1118B6155800CA2307 /* CoreGraphics */,
				95695D1418B6155800CA2307 /* CyclicDelegateRetainer */,
				95695D1718B6155800CA2307 /* Foundation */,
				95695D2218B6155800CA2307 /* Layout */,
				95695D2918B6155800CA2307 /* Logging */,
				95695D2C18B6155800CA2307 /* Logging-iOS */,
				95695D2F18B6155800CA2307 /* Persistence */,
				95695D3C18B6155800CA2307 /* Tables */,
				95695D4D18B6155800CA2307 /* Theming */,
				95695D5418B6155800CA2307 /* TwelveTwentyToolkit.h */,
				95695D5518B6155800CA2307 /* TwelveTwentyToolkit.m */,
				95DC8FB4167B26B200AF1428 /* Supporting Files */,
			);
			path = TwelveTwentyToolkit;
			sourceTree = "<group>";
		};
		95DC8FB4167B26B200AF1428 /* Supporting Files */ = {
			isa = PBXGroup;
			children = (
				95DC8FB5167B26B200AF1428 /* TwelveTwentyToolkit-Prefix.pch */,
			);
			name = "Supporting Files";
			sourceTree = "<group>";
		};
		95DC8FC8167B26B200AF1428 /* TwelveTwentyToolkitTests */ = {
			isa = PBXGroup;
			children = (
				95934FE3167B293A00E4ED39 /* CoreGraphics */,
				95934FE7167B294E00E4ED39 /* DependencyInjection */,
				95DC8FC9167B26B200AF1428 /* Supporting Files */,
			);
			path = TwelveTwentyToolkitTests;
			sourceTree = "<group>";
		};
		95DC8FC9167B26B200AF1428 /* Supporting Files */ = {
			isa = PBXGroup;
			children = (
				95DC8FCA167B26B200AF1428 /* TwelveTwentyToolkitTests-Info.plist */,
				95DC8FCB167B26B200AF1428 /* InfoPlist.strings */,
			);
			name = "Supporting Files";
			sourceTree = "<group>";
		};
/* End PBXGroup section */

/* Begin PBXNativeTarget section */
		95DC8FAD167B26B200AF1428 /* TwelveTwentyToolkit */ = {
			isa = PBXNativeTarget;
			buildConfigurationList = 95DC8FD3167B26B200AF1428 /* Build configuration list for PBXNativeTarget "TwelveTwentyToolkit" */;
			buildPhases = (
				95DC8FAA167B26B200AF1428 /* Sources */,
				95DC8FAB167B26B200AF1428 /* Frameworks */,
				95DC8FAC167B26B200AF1428 /* CopyFiles */,
			);
			buildRules = (
			);
			dependencies = (
			);
			name = TwelveTwentyToolkit;
			productName = TwelveTwentyToolkit;
			productReference = 95DC8FAE167B26B200AF1428 /* libTwelveTwentyToolkit.a */;
			productType = "com.apple.product-type.library.static";
		};
		95DC8FBE167B26B200AF1428 /* TwelveTwentyToolkitTests */ = {
			isa = PBXNativeTarget;
			buildConfigurationList = 95DC8FD6167B26B200AF1428 /* Build configuration list for PBXNativeTarget "TwelveTwentyToolkitTests" */;
			buildPhases = (
				95DC8FBA167B26B200AF1428 /* Sources */,
				95DC8FBB167B26B200AF1428 /* Frameworks */,
				95DC8FBC167B26B200AF1428 /* Resources */,
				95DC8FBD167B26B200AF1428 /* ShellScript */,
			);
			buildRules = (
			);
			dependencies = (
				95DC8FC6167B26B200AF1428 /* PBXTargetDependency */,
			);
			name = TwelveTwentyToolkitTests;
			productName = TwelveTwentyToolkitTests;
			productReference = 95DC8FBF167B26B200AF1428 /* TwelveTwentyToolkitTests.octest */;
			productType = "com.apple.product-type.bundle";
		};
/* End PBXNativeTarget section */

/* Begin PBXProject section */
		95DC8FA5167B26B200AF1428 /* Project object */ = {
			isa = PBXProject;
			attributes = {
				LastUpgradeCheck = 0450;
				ORGANIZATIONNAME = TwelveTwenty;
			};
			buildConfigurationList = 95DC8FA8167B26B200AF1428 /* Build configuration list for PBXProject "TwelveTwentyToolkit" */;
			compatibilityVersion = "Xcode 3.2";
			developmentRegion = English;
			hasScannedForEncodings = 0;
			knownRegions = (
				en,
			);
			mainGroup = 95DC8FA3167B26B200AF1428;
			productRefGroup = 95DC8FAF167B26B200AF1428 /* Products */;
			projectDirPath = "";
			projectRoot = "";
			targets = (
				95DC8FAD167B26B200AF1428 /* TwelveTwentyToolkit */,
				95DC8FBE167B26B200AF1428 /* TwelveTwentyToolkitTests */,
			);
		};
/* End PBXProject section */

/* Begin PBXResourcesBuildPhase section */
		95DC8FBC167B26B200AF1428 /* Resources */ = {
			isa = PBXResourcesBuildPhase;
			buildActionMask = 2147483647;
			files = (
				95DC8FCD167B26B200AF1428 /* InfoPlist.strings in Resources */,
			);
			runOnlyForDeploymentPostprocessing = 0;
		};
/* End PBXResourcesBuildPhase section */

/* Begin PBXShellScriptBuildPhase section */
		95DC8FBD167B26B200AF1428 /* ShellScript */ = {
			isa = PBXShellScriptBuildPhase;
			buildActionMask = 2147483647;
			files = (
			);
			inputPaths = (
			);
			outputPaths = (
			);
			runOnlyForDeploymentPostprocessing = 0;
			shellPath = /bin/sh;
			shellScript = "# Run the unit tests in this test bundle.\n\"${SYSTEM_DEVELOPER_DIR}/Tools/RunUnitTests\"\n";
		};
/* End PBXShellScriptBuildPhase section */

/* Begin PBXSourcesBuildPhase section */
		95DC8FAA167B26B200AF1428 /* Sources */ = {
			isa = PBXSourcesBuildPhase;
			buildActionMask = 2147483647;
			files = (
				95695D7118B6155900CA2307 /* UIView+TTTHitTesting.m in Sources */,
				95695D7318B6155900CA2307 /* TTTLog.m in Sources */,
				95695D6D18B6155900CA2307 /* NSObject+TTTUnless.m in Sources */,
				95695D6318B6155900CA2307 /* TTTTimestamped.m in Sources */,
				95695D5618B6155800CA2307 /* _TTTCDLinkedRecord.m in Sources */,
				95695D6818B6155900CA2307 /* NSPredicate+TTTConvenience.m in Sources */,
				95695D6C18B6155900CA2307 /* NSObject+TTTBlocks.m in Sources */,
				95695D7418B6155900CA2307 /* TTTLog.m in Sources */,
				95695D8218B6155900CA2307 /* UITableViewCell+TTTCreation.m in Sources */,
				95695D7B18B6155900CA2307 /* TTTTableViewDataSourceItemController.m in Sources */,
				95695D7618B6155900CA2307 /* TTTAbstractPersistenceProxy.m in Sources */,
				95695D6518B6155900CA2307 /* NSFetchedResultsController+TTTEasySections.m in Sources */,
				95695D7518B6155900CA2307 /* TTTAbstractJSONMapping.m in Sources */,
				95695D6B18B6155900CA2307 /* NSFastEnumeration+TTTMapping.m in Sources */,
				95695D8418B6155900CA2307 /* TTTTheme.m in Sources */,
				95695D6418B6155900CA2307 /* NSFetchedResultsController+TTTCacheControl.m in Sources */,
				95695D7018B6155900CA2307 /* UIImage+TTTResizing.m in Sources */,
				95695D6E18B6155900CA2307 /* NSString+TTTEmptiness.m in Sources */,
				95695D6218B6155900CA2307 /* NSManagedObjectContext+TTTUniquing.m in Sources */,
				95695D5B18B6155900CA2307 /* TTTUnifiedAddressBook.xcdatamodeld in Sources */,
				95695D5918B6155800CA2307 /* TTTCDUnifiedRecord.m in Sources */,
				95695D7218B6155900CA2307 /* UIView+TTTLayout.m in Sources */,
				95695D5E18B6155900CA2307 /* NSFetchRequest+TTTRequestConfiguration.m in Sources */,
				95695D5D18B6155900CA2307 /* CALayer+TTTCrossfade.m in Sources */,
				95695D5C18B6155900CA2307 /* TTTUnifiedCard.m in Sources */,
				95695D7718B6155900CA2307 /* TTTJSONAttributeMapping.m in Sources */,
				95695D6018B6155900CA2307 /* NSManagedObjectContext+TTTBatchManipulation.m in Sources */,
				95695D5818B6155800CA2307 /* TTTCDLinkedRecord.m in Sources */,
				95695D7A18B6155900CA2307 /* TTTMappingPersistenceProxy.m in Sources */,
				95695D7818B6155900CA2307 /* TTTJSONMapper.m in Sources */,
				95695D7C18B6155900CA2307 /* TTTTableViewDelegateItemController.m in Sources */,
				95695D6118B6155900CA2307 /* NSManagedObjectContext+TTTConvenience.m in Sources */,
				95695D6918B6155900CA2307 /* TTTCGUtils.m in Sources */,
				95695D6A18B6155900CA2307 /* TTTCyclicDelegateRetainer.m in Sources */,
				95695D8618B6155900CA2307 /* TwelveTwentyToolkit.m in Sources */,
				95695D5A18B6155800CA2307 /* TTTUnifiedAddressBook.m in Sources */,
				95695D8518B6155900CA2307 /* UIImage+TTTDrawing.m in Sources */,
				95695D6F18B6155900CA2307 /* NSString+TTTURLEncoding.m in Sources */,
				95695D7918B6155900CA2307 /* TTTJSONRelationshipMapping.m in Sources */,
				95695D7F18B6155900CA2307 /* TTTTableViewItem.m in Sources */,
				95695D6618B6155900CA2307 /* NSPredicate+TTTConvenience.m in Sources */,
				95695D7E18B6155900CA2307 /* TTTTableViewFetchedSection.m in Sources */,
				95695D6718B6155900CA2307 /* TTTAbstractManagedObject.m in Sources */,
				95695D8318B6155900CA2307 /* TTTDrawnView.m in Sources */,
				95695D7D18B6155900CA2307 /* TTTTableViewFetchedItem.m in Sources */,
				95695D8118B6155900CA2307 /* TTTTableViewSection.m in Sources */,
				95695D8018B6155900CA2307 /* TTTTableViewItemController.m in Sources */,
				95695D5F18B6155900CA2307 /* NSManagedObject+TTTUniquing.m in Sources */,
				95695D5718B6155800CA2307 /* _TTTCDUnifiedRecord.m in Sources */,
			);
			runOnlyForDeploymentPostprocessing = 0;
		};
		95DC8FBA167B26B200AF1428 /* Sources */ = {
			isa = PBXSourcesBuildPhase;
			buildActionMask = 2147483647;
			files = (
				95934FE6167B293A00E4ED39 /* TTTCoreGraphicsTestCase.m in Sources */,
				95934FEA167B296600E4ED39 /* TTTDependencyInjectionTestCase.m in Sources */,
				95934FEE167B2A0900E4ED39 /* TTTDISimpleObject.m in Sources */,
				95934FF1167B2A4900E4ED39 /* TTTDIBaseObject.m in Sources */,
				95934FF4167B2A5F00E4ED39 /* TTTDIConcreteObject.m in Sources */,
				95934FFA167B2D4D00E4ED39 /* TTTDIBaseSingleton.m in Sources */,
				95934FFD167B2D5F00E4ED39 /* TTTDIConcreteSingleton.m in Sources */,
				95935000167B2D7F00E4ED39 /* TTTDISimpleSingleton.m in Sources */,
				95935003167B318200E4ED39 /* TTTDIInjectableObject.m in Sources */,
			);
			runOnlyForDeploymentPostprocessing = 0;
		};
/* End PBXSourcesBuildPhase section */

/* Begin PBXTargetDependency section */
		95DC8FC6167B26B200AF1428 /* PBXTargetDependency */ = {
			isa = PBXTargetDependency;
			target = 95DC8FAD167B26B200AF1428 /* TwelveTwentyToolkit */;
			targetProxy = 95DC8FC5167B26B200AF1428 /* PBXContainerItemProxy */;
		};
/* End PBXTargetDependency section */

/* Begin PBXVariantGroup section */
		95DC8FCB167B26B200AF1428 /* InfoPlist.strings */ = {
			isa = PBXVariantGroup;
			children = (
				95DC8FCC167B26B200AF1428 /* en */,
			);
			name = InfoPlist.strings;
			sourceTree = "<group>";
		};
/* End PBXVariantGroup section */

/* Begin XCBuildConfiguration section */
		95DC8FD1167B26B200AF1428 /* Debug */ = {
			isa = XCBuildConfiguration;
			buildSettings = {
				ALWAYS_SEARCH_USER_PATHS = NO;
				CLANG_CXX_LANGUAGE_STANDARD = "gnu++0x";
				CLANG_CXX_LIBRARY = "libc++";
				CLANG_ENABLE_OBJC_ARC = YES;
				CLANG_WARN_EMPTY_BODY = YES;
				CLANG_WARN__DUPLICATE_METHOD_MATCH = YES;
				COPY_PHASE_STRIP = NO;
				GCC_C_LANGUAGE_STANDARD = gnu99;
				GCC_DYNAMIC_NO_PIC = NO;
				GCC_OPTIMIZATION_LEVEL = 0;
				GCC_PREPROCESSOR_DEFINITIONS = (
					"DEBUG=1",
					"$(inherited)",
				);
				GCC_SYMBOLS_PRIVATE_EXTERN = NO;
				GCC_WARN_ABOUT_RETURN_TYPE = YES;
				GCC_WARN_UNINITIALIZED_AUTOS = YES;
				GCC_WARN_UNUSED_VARIABLE = YES;
				IPHONEOS_DEPLOYMENT_TARGET = 5.0;
				ONLY_ACTIVE_ARCH = YES;
				SDKROOT = iphoneos;
			};
			name = Debug;
		};
		95DC8FD2167B26B200AF1428 /* Release */ = {
			isa = XCBuildConfiguration;
			buildSettings = {
				ALWAYS_SEARCH_USER_PATHS = NO;
				CLANG_CXX_LANGUAGE_STANDARD = "gnu++0x";
				CLANG_CXX_LIBRARY = "libc++";
				CLANG_ENABLE_OBJC_ARC = YES;
				CLANG_WARN_EMPTY_BODY = YES;
				CLANG_WARN__DUPLICATE_METHOD_MATCH = YES;
				COPY_PHASE_STRIP = YES;
				GCC_C_LANGUAGE_STANDARD = gnu99;
				GCC_WARN_ABOUT_RETURN_TYPE = YES;
				GCC_WARN_UNINITIALIZED_AUTOS = YES;
				GCC_WARN_UNUSED_VARIABLE = YES;
				IPHONEOS_DEPLOYMENT_TARGET = 5.0;
				SDKROOT = iphoneos;
				VALIDATE_PRODUCT = YES;
			};
			name = Release;
		};
		95DC8FD4167B26B200AF1428 /* Debug */ = {
			isa = XCBuildConfiguration;
			buildSettings = {
				DSTROOT = /tmp/TwelveTwentyToolkit.dst;
				GCC_PRECOMPILE_PREFIX_HEADER = YES;
				GCC_PREFIX_HEADER = "TwelveTwentyToolkit/TwelveTwentyToolkit-Prefix.pch";
				OTHER_LDFLAGS = "-ObjC";
				PRODUCT_NAME = "$(TARGET_NAME)";
				SKIP_INSTALL = YES;
			};
			name = Debug;
		};
		95DC8FD5167B26B200AF1428 /* Release */ = {
			isa = XCBuildConfiguration;
			buildSettings = {
				DSTROOT = /tmp/TwelveTwentyToolkit.dst;
				GCC_PRECOMPILE_PREFIX_HEADER = YES;
				GCC_PREFIX_HEADER = "TwelveTwentyToolkit/TwelveTwentyToolkit-Prefix.pch";
				OTHER_LDFLAGS = "-ObjC";
				PRODUCT_NAME = "$(TARGET_NAME)";
				SKIP_INSTALL = YES;
			};
			name = Release;
		};
		95DC8FD7167B26B200AF1428 /* Debug */ = {
			isa = XCBuildConfiguration;
			buildSettings = {
				FRAMEWORK_SEARCH_PATHS = (
					"\"$(SDKROOT)/Developer/Library/Frameworks\"",
					"\"$(DEVELOPER_LIBRARY_DIR)/Frameworks\"",
				);
				GCC_PRECOMPILE_PREFIX_HEADER = YES;
				GCC_PREFIX_HEADER = "TwelveTwentyToolkit/TwelveTwentyToolkit-Prefix.pch";
				INFOPLIST_FILE = "TwelveTwentyToolkitTests/TwelveTwentyToolkitTests-Info.plist";
				PRODUCT_NAME = "$(TARGET_NAME)";
				WRAPPER_EXTENSION = octest;
			};
			name = Debug;
		};
		95DC8FD8167B26B200AF1428 /* Release */ = {
			isa = XCBuildConfiguration;
			buildSettings = {
				FRAMEWORK_SEARCH_PATHS = (
					"\"$(SDKROOT)/Developer/Library/Frameworks\"",
					"\"$(DEVELOPER_LIBRARY_DIR)/Frameworks\"",
				);
				GCC_PRECOMPILE_PREFIX_HEADER = YES;
				GCC_PREFIX_HEADER = "TwelveTwentyToolkit/TwelveTwentyToolkit-Prefix.pch";
				INFOPLIST_FILE = "TwelveTwentyToolkitTests/TwelveTwentyToolkitTests-Info.plist";
				PRODUCT_NAME = "$(TARGET_NAME)";
				WRAPPER_EXTENSION = octest;
			};
			name = Release;
		};
/* End XCBuildConfiguration section */

/* Begin XCConfigurationList section */
		95DC8FA8167B26B200AF1428 /* Build configuration list for PBXProject "TwelveTwentyToolkit" */ = {
			isa = XCConfigurationList;
			buildConfigurations = (
				95DC8FD1167B26B200AF1428 /* Debug */,
				95DC8FD2167B26B200AF1428 /* Release */,
			);
			defaultConfigurationIsVisible = 0;
			defaultConfigurationName = Release;
		};
		95DC8FD3167B26B200AF1428 /* Build configuration list for PBXNativeTarget "TwelveTwentyToolkit" */ = {
			isa = XCConfigurationList;
			buildConfigurations = (
				95DC8FD4167B26B200AF1428 /* Debug */,
				95DC8FD5167B26B200AF1428 /* Release */,
			);
			defaultConfigurationIsVisible = 0;
			defaultConfigurationName = Release;
		};
		95DC8FD6167B26B200AF1428 /* Build configuration list for PBXNativeTarget "TwelveTwentyToolkitTests" */ = {
			isa = XCConfigurationList;
			buildConfigurations = (
				95DC8FD7167B26B200AF1428 /* Debug */,
				95DC8FD8167B26B200AF1428 /* Release */,
			);
			defaultConfigurationIsVisible = 0;
			defaultConfigurationName = Release;
		};
/* End XCConfigurationList section */

/* Begin XCVersionGroup section */
		95695CF118B6155800CA2307 /* TTTUnifiedAddressBook.xcdatamodeld */ = {
			isa = XCVersionGroup;
			children = (
				95695CF218B6155800CA2307 /* TTTUnifiedAddressBook.xcdatamodel */,
			);
			currentVersion = 95695CF218B6155800CA2307 /* TTTUnifiedAddressBook.xcdatamodel */;
			path = TTTUnifiedAddressBook.xcdatamodeld;
			sourceTree = "<group>";
			versionGroupType = wrapper.xcdatamodel;
		};
/* End XCVersionGroup section */
	};
	rootObject = 95DC8FA5167B26B200AF1428 /* Project object */;
}
