// !$*UTF8*$!
{
	archiveVersion = 1;
	classes = {
	};
	objectVersion = 46;
	objects = {

/* Begin PBXBuildFile section */
		95934FB4167B27EE00E4ED39 /* _TTCDLinkedRecord.m in Sources */ = {isa = PBXBuildFile; fileRef = 95934F8A167B27EE00E4ED39 /* _TTCDLinkedRecord.m */; };
		95934FB5167B27EE00E4ED39 /* _TTCDLinkedRecord.m in Sources */ = {isa = PBXBuildFile; fileRef = 95934F8A167B27EE00E4ED39 /* _TTCDLinkedRecord.m */; };
		95934FB6167B27EE00E4ED39 /* _TTCDUnifiedRecord.m in Sources */ = {isa = PBXBuildFile; fileRef = 95934F8C167B27EE00E4ED39 /* _TTCDUnifiedRecord.m */; };
		95934FB7167B27EE00E4ED39 /* _TTCDUnifiedRecord.m in Sources */ = {isa = PBXBuildFile; fileRef = 95934F8C167B27EE00E4ED39 /* _TTCDUnifiedRecord.m */; };
		95934FB8167B27EE00E4ED39 /* TTCDLinkedRecord.m in Sources */ = {isa = PBXBuildFile; fileRef = 95934F8E167B27EE00E4ED39 /* TTCDLinkedRecord.m */; };
		95934FB9167B27EE00E4ED39 /* TTCDLinkedRecord.m in Sources */ = {isa = PBXBuildFile; fileRef = 95934F8E167B27EE00E4ED39 /* TTCDLinkedRecord.m */; };
		95934FBA167B27EE00E4ED39 /* TTCDUnifiedRecord.m in Sources */ = {isa = PBXBuildFile; fileRef = 95934F90167B27EE00E4ED39 /* TTCDUnifiedRecord.m */; };
		95934FBB167B27EE00E4ED39 /* TTCDUnifiedRecord.m in Sources */ = {isa = PBXBuildFile; fileRef = 95934F90167B27EE00E4ED39 /* TTCDUnifiedRecord.m */; };
		95934FBC167B27EE00E4ED39 /* generate_classes.sh in Resources */ = {isa = PBXBuildFile; fileRef = 95934F91167B27EE00E4ED39 /* generate_classes.sh */; };
		95934FBD167B27EE00E4ED39 /* TTUnifiedAddressBook.m in Sources */ = {isa = PBXBuildFile; fileRef = 95934F93167B27EE00E4ED39 /* TTUnifiedAddressBook.m */; };
		95934FBE167B27EE00E4ED39 /* TTUnifiedAddressBook.m in Sources */ = {isa = PBXBuildFile; fileRef = 95934F93167B27EE00E4ED39 /* TTUnifiedAddressBook.m */; };
		95934FBF167B27EE00E4ED39 /* TTUnifiedAddressBook.xcdatamodeld in Sources */ = {isa = PBXBuildFile; fileRef = 95934F94167B27EE00E4ED39 /* TTUnifiedAddressBook.xcdatamodeld */; };
		95934FC0167B27EE00E4ED39 /* TTUnifiedAddressBook.xcdatamodeld in Sources */ = {isa = PBXBuildFile; fileRef = 95934F94167B27EE00E4ED39 /* TTUnifiedAddressBook.xcdatamodeld */; };
		95934FC1167B27EE00E4ED39 /* TTUnifiedCard.m in Sources */ = {isa = PBXBuildFile; fileRef = 95934F97167B27EE00E4ED39 /* TTUnifiedCard.m */; };
		95934FC2167B27EE00E4ED39 /* TTUnifiedCard.m in Sources */ = {isa = PBXBuildFile; fileRef = 95934F97167B27EE00E4ED39 /* TTUnifiedCard.m */; };
		95934FC3167B27EE00E4ED39 /* NSManagedObjectContext+TTBatchManipulation.m in Sources */ = {isa = PBXBuildFile; fileRef = 95934F9A167B27EE00E4ED39 /* NSManagedObjectContext+TTBatchManipulation.m */; };
		95934FC4167B27EE00E4ED39 /* NSManagedObjectContext+TTBatchManipulation.m in Sources */ = {isa = PBXBuildFile; fileRef = 95934F9A167B27EE00E4ED39 /* NSManagedObjectContext+TTBatchManipulation.m */; };
		95934FC5167B27EE00E4ED39 /* NSManagedObjectContext+TTConvenience.m in Sources */ = {isa = PBXBuildFile; fileRef = 95934F9C167B27EE00E4ED39 /* NSManagedObjectContext+TTConvenience.m */; };
		95934FC6167B27EE00E4ED39 /* NSManagedObjectContext+TTConvenience.m in Sources */ = {isa = PBXBuildFile; fileRef = 95934F9C167B27EE00E4ED39 /* NSManagedObjectContext+TTConvenience.m */; };
		95934FC7167B27EE00E4ED39 /* NSManagedObjectContext+TTUniquing.m in Sources */ = {isa = PBXBuildFile; fileRef = 95934F9E167B27EE00E4ED39 /* NSManagedObjectContext+TTUniquing.m */; };
		95934FC8167B27EE00E4ED39 /* NSManagedObjectContext+TTUniquing.m in Sources */ = {isa = PBXBuildFile; fileRef = 95934F9E167B27EE00E4ED39 /* NSManagedObjectContext+TTUniquing.m */; };
		95934FC9167B27EE00E4ED39 /* TTCGUtils.m in Sources */ = {isa = PBXBuildFile; fileRef = 95934FA1167B27EE00E4ED39 /* TTCGUtils.m */; };
		95934FCA167B27EE00E4ED39 /* TTCGUtils.m in Sources */ = {isa = PBXBuildFile; fileRef = 95934FA1167B27EE00E4ED39 /* TTCGUtils.m */; };
		95934FCB167B27EE00E4ED39 /* TTIntrospectProperty.m in Sources */ = {isa = PBXBuildFile; fileRef = 95934FA5167B27EE00E4ED39 /* TTIntrospectProperty.m */; };
		95934FCC167B27EE00E4ED39 /* TTIntrospectProperty.m in Sources */ = {isa = PBXBuildFile; fileRef = 95934FA5167B27EE00E4ED39 /* TTIntrospectProperty.m */; };
		95934FD3167B27EE00E4ED39 /* TTInjector.m in Sources */ = {isa = PBXBuildFile; fileRef = 95934FB0167B27EE00E4ED39 /* TTInjector.m */; };
		95934FD4167B27EE00E4ED39 /* TTInjector.m in Sources */ = {isa = PBXBuildFile; fileRef = 95934FB0167B27EE00E4ED39 /* TTInjector.m */; };
		95934FD5167B27EE00E4ED39 /* TTLog.m in Sources */ = {isa = PBXBuildFile; fileRef = 95934FB3167B27EE00E4ED39 /* TTLog.m */; };
		95934FD6167B27EE00E4ED39 /* TTLog.m in Sources */ = {isa = PBXBuildFile; fileRef = 95934FB3167B27EE00E4ED39 /* TTLog.m */; };
		95934FD8167B283E00E4ED39 /* AddressBook.framework in Frameworks */ = {isa = PBXBuildFile; fileRef = 95934FD7167B283E00E4ED39 /* AddressBook.framework */; };
		95934FDA167B284800E4ED39 /* CoreData.framework in Frameworks */ = {isa = PBXBuildFile; fileRef = 95934FD9167B284800E4ED39 /* CoreData.framework */; };
		95934FDC167B285200E4ED39 /* QuartzCore.framework in Frameworks */ = {isa = PBXBuildFile; fileRef = 95934FDB167B285200E4ED39 /* QuartzCore.framework */; };
		95934FDD167B287F00E4ED39 /* CoreData.framework in Frameworks */ = {isa = PBXBuildFile; fileRef = 95934FD9167B284800E4ED39 /* CoreData.framework */; };
		95934FDE167B288400E4ED39 /* AddressBook.framework in Frameworks */ = {isa = PBXBuildFile; fileRef = 95934FD7167B283E00E4ED39 /* AddressBook.framework */; };
		95934FE0167B28B500E4ED39 /* CoreGraphics.framework in Frameworks */ = {isa = PBXBuildFile; fileRef = 95934FDF167B28B500E4ED39 /* CoreGraphics.framework */; };
		95934FE2167B28C800E4ED39 /* UIKit.framework in Frameworks */ = {isa = PBXBuildFile; fileRef = 95934FE1167B28C800E4ED39 /* UIKit.framework */; };
		95934FE6167B293A00E4ED39 /* TTTCoreGraphicsTestCase.m in Sources */ = {isa = PBXBuildFile; fileRef = 95934FE5167B293A00E4ED39 /* TTTCoreGraphicsTestCase.m */; };
		95934FEA167B296600E4ED39 /* TTTDependencyInjectionTestCase.m in Sources */ = {isa = PBXBuildFile; fileRef = 95934FE9167B296600E4ED39 /* TTTDependencyInjectionTestCase.m */; };
		95934FEE167B2A0900E4ED39 /* TTTDISimpleObject.m in Sources */ = {isa = PBXBuildFile; fileRef = 95934FED167B2A0900E4ED39 /* TTTDISimpleObject.m */; };
		95934FF1167B2A4900E4ED39 /* TTTDIBaseObject.m in Sources */ = {isa = PBXBuildFile; fileRef = 95934FF0167B2A4900E4ED39 /* TTTDIBaseObject.m */; };
		95934FF4167B2A5F00E4ED39 /* TTTDIConcreteObject.m in Sources */ = {isa = PBXBuildFile; fileRef = 95934FF3167B2A5F00E4ED39 /* TTTDIConcreteObject.m */; };
		95934FFA167B2D4D00E4ED39 /* TTTDIBaseSingleton.m in Sources */ = {isa = PBXBuildFile; fileRef = 95934FF9167B2D4D00E4ED39 /* TTTDIBaseSingleton.m */; };
		95934FFD167B2D5F00E4ED39 /* TTTDIConcreteSingleton.m in Sources */ = {isa = PBXBuildFile; fileRef = 95934FFC167B2D5F00E4ED39 /* TTTDIConcreteSingleton.m */; };
		95935000167B2D7F00E4ED39 /* TTTDISimpleSingleton.m in Sources */ = {isa = PBXBuildFile; fileRef = 95934FFF167B2D7F00E4ED39 /* TTTDISimpleSingleton.m */; };
		95935003167B318200E4ED39 /* TTTDIInjectableObject.m in Sources */ = {isa = PBXBuildFile; fileRef = 95935002167B318100E4ED39 /* TTTDIInjectableObject.m */; };
		95DC8FB2167B26B200AF1428 /* Foundation.framework in Frameworks */ = {isa = PBXBuildFile; fileRef = 95DC8FB1167B26B200AF1428 /* Foundation.framework */; };
		95DC8FB7167B26B200AF1428 /* TwelveTwentyToolkit.h in CopyFiles */ = {isa = PBXBuildFile; fileRef = 95DC8FB6167B26B200AF1428 /* TwelveTwentyToolkit.h */; };
		95DC8FC1167B26B200AF1428 /* SenTestingKit.framework in Frameworks */ = {isa = PBXBuildFile; fileRef = 95DC8FC0167B26B200AF1428 /* SenTestingKit.framework */; };
		95DC8FC4167B26B200AF1428 /* Foundation.framework in Frameworks */ = {isa = PBXBuildFile; fileRef = 95DC8FB1167B26B200AF1428 /* Foundation.framework */; };
		95DC8FC7167B26B200AF1428 /* libTwelveTwentyToolkit.a in Frameworks */ = {isa = PBXBuildFile; fileRef = 95DC8FAE167B26B200AF1428 /* libTwelveTwentyToolkit.a */; };
		95DC8FCD167B26B200AF1428 /* InfoPlist.strings in Resources */ = {isa = PBXBuildFile; fileRef = 95DC8FCB167B26B200AF1428 /* InfoPlist.strings */; };
		E42072E46301ECCB0AF76BFF /* TTClassMappingTarget.h in CopyFiles */ = {isa = PBXBuildFile; fileRef = E42073B925BC9D38C701611B /* TTClassMappingTarget.h */; };
		E4207B3E61E5F45AEB48F0AD /* TTClassMappingTarget.m in Sources */ = {isa = PBXBuildFile; fileRef = E42070B998713450F93969C7 /* TTClassMappingTarget.m */; };
/* End PBXBuildFile section */

/* Begin PBXContainerItemProxy section */
		95DC8FC5167B26B200AF1428 /* PBXContainerItemProxy */ = {
			isa = PBXContainerItemProxy;
			containerPortal = 95DC8FA5167B26B200AF1428 /* Project object */;
			proxyType = 1;
			remoteGlobalIDString = 95DC8FAD167B26B200AF1428;
			remoteInfo = TwelveTwentyToolkit;
		};
/* End PBXContainerItemProxy section */

/* Begin PBXCopyFilesBuildPhase section */
		95DC8FAC167B26B200AF1428 /* CopyFiles */ = {
			isa = PBXCopyFilesBuildPhase;
			buildActionMask = 2147483647;
			dstPath = "include/${PRODUCT_NAME}";
			dstSubfolderSpec = 16;
			files = (
				95DC8FB7167B26B200AF1428 /* TwelveTwentyToolkit.h in CopyFiles */,
				E42072E46301ECCB0AF76BFF /* TTClassMappingTarget.h in CopyFiles */,
			);
			runOnlyForDeploymentPostprocessing = 0;
		};
/* End PBXCopyFilesBuildPhase section */

/* Begin PBXFileReference section */
		95934F89167B27EE00E4ED39 /* _TTCDLinkedRecord.h */ = {isa = PBXFileReference; fileEncoding = 4; lastKnownFileType = sourcecode.c.h; path = _TTCDLinkedRecord.h; sourceTree = "<group>"; };
		95934F8A167B27EE00E4ED39 /* _TTCDLinkedRecord.m */ = {isa = PBXFileReference; fileEncoding = 4; lastKnownFileType = sourcecode.c.objc; path = _TTCDLinkedRecord.m; sourceTree = "<group>"; };
		95934F8B167B27EE00E4ED39 /* _TTCDUnifiedRecord.h */ = {isa = PBXFileReference; fileEncoding = 4; lastKnownFileType = sourcecode.c.h; path = _TTCDUnifiedRecord.h; sourceTree = "<group>"; };
		95934F8C167B27EE00E4ED39 /* _TTCDUnifiedRecord.m */ = {isa = PBXFileReference; fileEncoding = 4; lastKnownFileType = sourcecode.c.objc; path = _TTCDUnifiedRecord.m; sourceTree = "<group>"; };
		95934F8D167B27EE00E4ED39 /* TTCDLinkedRecord.h */ = {isa = PBXFileReference; fileEncoding = 4; lastKnownFileType = sourcecode.c.h; path = TTCDLinkedRecord.h; sourceTree = "<group>"; };
		95934F8E167B27EE00E4ED39 /* TTCDLinkedRecord.m */ = {isa = PBXFileReference; fileEncoding = 4; lastKnownFileType = sourcecode.c.objc; path = TTCDLinkedRecord.m; sourceTree = "<group>"; };
		95934F8F167B27EE00E4ED39 /* TTCDUnifiedRecord.h */ = {isa = PBXFileReference; fileEncoding = 4; lastKnownFileType = sourcecode.c.h; path = TTCDUnifiedRecord.h; sourceTree = "<group>"; };
		95934F90167B27EE00E4ED39 /* TTCDUnifiedRecord.m */ = {isa = PBXFileReference; fileEncoding = 4; lastKnownFileType = sourcecode.c.objc; path = TTCDUnifiedRecord.m; sourceTree = "<group>"; };
		95934F91167B27EE00E4ED39 /* generate_classes.sh */ = {isa = PBXFileReference; fileEncoding = 4; lastKnownFileType = text.script.sh; path = generate_classes.sh; sourceTree = "<group>"; };
		95934F92167B27EE00E4ED39 /* TTUnifiedAddressBook.h */ = {isa = PBXFileReference; fileEncoding = 4; lastKnownFileType = sourcecode.c.h; path = TTUnifiedAddressBook.h; sourceTree = "<group>"; };
		95934F93167B27EE00E4ED39 /* TTUnifiedAddressBook.m */ = {isa = PBXFileReference; fileEncoding = 4; lastKnownFileType = sourcecode.c.objc; path = TTUnifiedAddressBook.m; sourceTree = "<group>"; };
		95934F95167B27EE00E4ED39 /* TTUnifiedAddressBook.xcdatamodel */ = {isa = PBXFileReference; lastKnownFileType = wrapper.xcdatamodel; path = TTUnifiedAddressBook.xcdatamodel; sourceTree = "<group>"; };
		95934F96167B27EE00E4ED39 /* TTUnifiedCard.h */ = {isa = PBXFileReference; fileEncoding = 4; lastKnownFileType = sourcecode.c.h; path = TTUnifiedCard.h; sourceTree = "<group>"; };
		95934F97167B27EE00E4ED39 /* TTUnifiedCard.m */ = {isa = PBXFileReference; fileEncoding = 4; lastKnownFileType = sourcecode.c.objc; path = TTUnifiedCard.m; sourceTree = "<group>"; };
		95934F99167B27EE00E4ED39 /* NSManagedObjectContext+TTBatchManipulation.h */ = {isa = PBXFileReference; fileEncoding = 4; lastKnownFileType = sourcecode.c.h; path = "NSManagedObjectContext+TTBatchManipulation.h"; sourceTree = "<group>"; };
		95934F9A167B27EE00E4ED39 /* NSManagedObjectContext+TTBatchManipulation.m */ = {isa = PBXFileReference; fileEncoding = 4; lastKnownFileType = sourcecode.c.objc; path = "NSManagedObjectContext+TTBatchManipulation.m"; sourceTree = "<group>"; };
		95934F9B167B27EE00E4ED39 /* NSManagedObjectContext+TTConvenience.h */ = {isa = PBXFileReference; fileEncoding = 4; lastKnownFileType = sourcecode.c.h; path = "NSManagedObjectContext+TTConvenience.h"; sourceTree = "<group>"; };
		95934F9C167B27EE00E4ED39 /* NSManagedObjectContext+TTConvenience.m */ = {isa = PBXFileReference; fileEncoding = 4; lastKnownFileType = sourcecode.c.objc; path = "NSManagedObjectContext+TTConvenience.m"; sourceTree = "<group>"; };
		95934F9D167B27EE00E4ED39 /* NSManagedObjectContext+TTUniquing.h */ = {isa = PBXFileReference; fileEncoding = 4; lastKnownFileType = sourcecode.c.h; path = "NSManagedObjectContext+TTUniquing.h"; sourceTree = "<group>"; };
		95934F9E167B27EE00E4ED39 /* NSManagedObjectContext+TTUniquing.m */ = {isa = PBXFileReference; fileEncoding = 4; lastKnownFileType = sourcecode.c.objc; path = "NSManagedObjectContext+TTUniquing.m"; sourceTree = "<group>"; };
		95934FA0167B27EE00E4ED39 /* TTCGUtils.h */ = {isa = PBXFileReference; fileEncoding = 4; lastKnownFileType = sourcecode.c.h; path = TTCGUtils.h; sourceTree = "<group>"; };
		95934FA1167B27EE00E4ED39 /* TTCGUtils.m */ = {isa = PBXFileReference; fileEncoding = 4; lastKnownFileType = sourcecode.c.objc; path = TTCGUtils.m; sourceTree = "<group>"; };
		95934FA4167B27EE00E4ED39 /* TTIntrospectProperty.h */ = {isa = PBXFileReference; fileEncoding = 4; lastKnownFileType = sourcecode.c.h; path = TTIntrospectProperty.h; sourceTree = "<group>"; };
		95934FA5167B27EE00E4ED39 /* TTIntrospectProperty.m */ = {isa = PBXFileReference; fileEncoding = 4; lastKnownFileType = sourcecode.c.objc; path = TTIntrospectProperty.m; sourceTree = "<group>"; };
		95934FA9167B27EE00E4ED39 /* TTClassMappingParentNode.h */ = {isa = PBXFileReference; fileEncoding = 4; lastKnownFileType = sourcecode.c.h; path = TTClassMappingParentNode.h; sourceTree = "<group>"; };
		95934FAE167B27EE00E4ED39 /* TTInjectable.h */ = {isa = PBXFileReference; fileEncoding = 4; lastKnownFileType = sourcecode.c.h; path = TTInjectable.h; sourceTree = "<group>"; };
		95934FAF167B27EE00E4ED39 /* TTInjector.h */ = {isa = PBXFileReference; fileEncoding = 4; lastKnownFileType = sourcecode.c.h; path = TTInjector.h; sourceTree = "<group>"; };
		95934FB0167B27EE00E4ED39 /* TTInjector.m */ = {isa = PBXFileReference; fileEncoding = 4; lastKnownFileType = sourcecode.c.objc; path = TTInjector.m; sourceTree = "<group>"; };
		95934FB2167B27EE00E4ED39 /* TTLog.h */ = {isa = PBXFileReference; fileEncoding = 4; lastKnownFileType = sourcecode.c.h; path = TTLog.h; sourceTree = "<group>"; };
		95934FB3167B27EE00E4ED39 /* TTLog.m */ = {isa = PBXFileReference; fileEncoding = 4; lastKnownFileType = sourcecode.c.objc; path = TTLog.m; sourceTree = "<group>"; };
		95934FD7167B283E00E4ED39 /* AddressBook.framework */ = {isa = PBXFileReference; lastKnownFileType = wrapper.framework; name = AddressBook.framework; path = System/Library/Frameworks/AddressBook.framework; sourceTree = SDKROOT; };
		95934FD9167B284800E4ED39 /* CoreData.framework */ = {isa = PBXFileReference; lastKnownFileType = wrapper.framework; name = CoreData.framework; path = System/Library/Frameworks/CoreData.framework; sourceTree = SDKROOT; };
		95934FDB167B285200E4ED39 /* QuartzCore.framework */ = {isa = PBXFileReference; lastKnownFileType = wrapper.framework; name = QuartzCore.framework; path = System/Library/Frameworks/QuartzCore.framework; sourceTree = SDKROOT; };
		95934FDF167B28B500E4ED39 /* CoreGraphics.framework */ = {isa = PBXFileReference; lastKnownFileType = wrapper.framework; name = CoreGraphics.framework; path = System/Library/Frameworks/CoreGraphics.framework; sourceTree = SDKROOT; };
		95934FE1167B28C800E4ED39 /* UIKit.framework */ = {isa = PBXFileReference; lastKnownFileType = wrapper.framework; name = UIKit.framework; path = System/Library/Frameworks/UIKit.framework; sourceTree = SDKROOT; };
		95934FE4167B293A00E4ED39 /* TTTCoreGraphicsTestCase.h */ = {isa = PBXFileReference; fileEncoding = 4; lastKnownFileType = sourcecode.c.h; path = TTTCoreGraphicsTestCase.h; sourceTree = "<group>"; };
		95934FE5167B293A00E4ED39 /* TTTCoreGraphicsTestCase.m */ = {isa = PBXFileReference; fileEncoding = 4; lastKnownFileType = sourcecode.c.objc; path = TTTCoreGraphicsTestCase.m; sourceTree = "<group>"; };
		95934FE8167B296600E4ED39 /* TTTDependencyInjectionTestCase.h */ = {isa = PBXFileReference; fileEncoding = 4; lastKnownFileType = sourcecode.c.h; path = TTTDependencyInjectionTestCase.h; sourceTree = "<group>"; };
		95934FE9167B296600E4ED39 /* TTTDependencyInjectionTestCase.m */ = {isa = PBXFileReference; fileEncoding = 4; lastKnownFileType = sourcecode.c.objc; path = TTTDependencyInjectionTestCase.m; sourceTree = "<group>"; };
		95934FEC167B2A0900E4ED39 /* TTTDISimpleObject.h */ = {isa = PBXFileReference; fileEncoding = 4; lastKnownFileType = sourcecode.c.h; path = TTTDISimpleObject.h; sourceTree = "<group>"; };
		95934FED167B2A0900E4ED39 /* TTTDISimpleObject.m */ = {isa = PBXFileReference; fileEncoding = 4; lastKnownFileType = sourcecode.c.objc; path = TTTDISimpleObject.m; sourceTree = "<group>"; };
		95934FEF167B2A4900E4ED39 /* TTTDIBaseObject.h */ = {isa = PBXFileReference; fileEncoding = 4; lastKnownFileType = sourcecode.c.h; path = TTTDIBaseObject.h; sourceTree = "<group>"; };
		95934FF0167B2A4900E4ED39 /* TTTDIBaseObject.m */ = {isa = PBXFileReference; fileEncoding = 4; lastKnownFileType = sourcecode.c.objc; path = TTTDIBaseObject.m; sourceTree = "<group>"; };
		95934FF2167B2A5F00E4ED39 /* TTTDIConcreteObject.h */ = {isa = PBXFileReference; fileEncoding = 4; lastKnownFileType = sourcecode.c.h; path = TTTDIConcreteObject.h; sourceTree = "<group>"; };
		95934FF3167B2A5F00E4ED39 /* TTTDIConcreteObject.m */ = {isa = PBXFileReference; fileEncoding = 4; lastKnownFileType = sourcecode.c.objc; path = TTTDIConcreteObject.m; sourceTree = "<group>"; };
		95934FF8167B2D4D00E4ED39 /* TTTDIBaseSingleton.h */ = {isa = PBXFileReference; fileEncoding = 4; lastKnownFileType = sourcecode.c.h; path = TTTDIBaseSingleton.h; sourceTree = "<group>"; };
		95934FF9167B2D4D00E4ED39 /* TTTDIBaseSingleton.m */ = {isa = PBXFileReference; fileEncoding = 4; lastKnownFileType = sourcecode.c.objc; path = TTTDIBaseSingleton.m; sourceTree = "<group>"; };
		95934FFB167B2D5E00E4ED39 /* TTTDIConcreteSingleton.h */ = {isa = PBXFileReference; fileEncoding = 4; lastKnownFileType = sourcecode.c.h; path = TTTDIConcreteSingleton.h; sourceTree = "<group>"; };
		95934FFC167B2D5F00E4ED39 /* TTTDIConcreteSingleton.m */ = {isa = PBXFileReference; fileEncoding = 4; lastKnownFileType = sourcecode.c.objc; path = TTTDIConcreteSingleton.m; sourceTree = "<group>"; };
		95934FFE167B2D7F00E4ED39 /* TTTDISimpleSingleton.h */ = {isa = PBXFileReference; fileEncoding = 4; lastKnownFileType = sourcecode.c.h; path = TTTDISimpleSingleton.h; sourceTree = "<group>"; };
		95934FFF167B2D7F00E4ED39 /* TTTDISimpleSingleton.m */ = {isa = PBXFileReference; fileEncoding = 4; lastKnownFileType = sourcecode.c.objc; path = TTTDISimpleSingleton.m; sourceTree = "<group>"; };
		95935001167B318100E4ED39 /* TTTDIInjectableObject.h */ = {isa = PBXFileReference; fileEncoding = 4; lastKnownFileType = sourcecode.c.h; path = TTTDIInjectableObject.h; sourceTree = "<group>"; };
		95935002167B318100E4ED39 /* TTTDIInjectableObject.m */ = {isa = PBXFileReference; fileEncoding = 4; lastKnownFileType = sourcecode.c.objc; path = TTTDIInjectableObject.m; sourceTree = "<group>"; };
		95DC8FAE167B26B200AF1428 /* libTwelveTwentyToolkit.a */ = {isa = PBXFileReference; explicitFileType = archive.ar; includeInIndex = 0; path = libTwelveTwentyToolkit.a; sourceTree = BUILT_PRODUCTS_DIR; };
		95DC8FB1167B26B200AF1428 /* Foundation.framework */ = {isa = PBXFileReference; lastKnownFileType = wrapper.framework; name = Foundation.framework; path = System/Library/Frameworks/Foundation.framework; sourceTree = SDKROOT; };
		95DC8FB5167B26B200AF1428 /* TwelveTwentyToolkit-Prefix.pch */ = {isa = PBXFileReference; lastKnownFileType = sourcecode.c.h; path = "TwelveTwentyToolkit-Prefix.pch"; sourceTree = "<group>"; };
		95DC8FB6167B26B200AF1428 /* TwelveTwentyToolkit.h */ = {isa = PBXFileReference; lastKnownFileType = sourcecode.c.h; path = TwelveTwentyToolkit.h; sourceTree = "<group>"; };
		95DC8FBF167B26B200AF1428 /* TwelveTwentyToolkitTests.octest */ = {isa = PBXFileReference; explicitFileType = wrapper.cfbundle; includeInIndex = 0; path = TwelveTwentyToolkitTests.octest; sourceTree = BUILT_PRODUCTS_DIR; };
		95DC8FC0167B26B200AF1428 /* SenTestingKit.framework */ = {isa = PBXFileReference; lastKnownFileType = wrapper.framework; name = SenTestingKit.framework; path = Library/Frameworks/SenTestingKit.framework; sourceTree = DEVELOPER_DIR; };
		95DC8FCA167B26B200AF1428 /* TwelveTwentyToolkitTests-Info.plist */ = {isa = PBXFileReference; lastKnownFileType = text.plist.xml; path = "TwelveTwentyToolkitTests-Info.plist"; sourceTree = "<group>"; };
		95DC8FCC167B26B200AF1428 /* en */ = {isa = PBXFileReference; lastKnownFileType = text.plist.strings; name = en; path = en.lproj/InfoPlist.strings; sourceTree = "<group>"; };
		E42070B998713450F93969C7 /* TTClassMappingTarget.m */ = {isa = PBXFileReference; fileEncoding = 4; lastKnownFileType = sourcecode.c.objc; path = TTClassMappingTarget.m; sourceTree = "<group>"; };
		E42073B925BC9D38C701611B /* TTClassMappingTarget.h */ = {isa = PBXFileReference; fileEncoding = 4; lastKnownFileType = sourcecode.c.h; path = TTClassMappingTarget.h; sourceTree = "<group>"; };
/* End PBXFileReference section */

/* Begin PBXFrameworksBuildPhase section */
		95DC8FAB167B26B200AF1428 /* Frameworks */ = {
			isa = PBXFrameworksBuildPhase;
			buildActionMask = 2147483647;
			files = (
				95934FDC167B285200E4ED39 /* QuartzCore.framework in Frameworks */,
				95934FDA167B284800E4ED39 /* CoreData.framework in Frameworks */,
				95934FD8167B283E00E4ED39 /* AddressBook.framework in Frameworks */,
				95DC8FB2167B26B200AF1428 /* Foundation.framework in Frameworks */,
			);
			runOnlyForDeploymentPostprocessing = 0;
		};
		95DC8FBB167B26B200AF1428 /* Frameworks */ = {
			isa = PBXFrameworksBuildPhase;
			buildActionMask = 2147483647;
			files = (
				95934FE2167B28C800E4ED39 /* UIKit.framework in Frameworks */,
				95934FE0167B28B500E4ED39 /* CoreGraphics.framework in Frameworks */,
				95934FDE167B288400E4ED39 /* AddressBook.framework in Frameworks */,
				95934FDD167B287F00E4ED39 /* CoreData.framework in Frameworks */,
				95DC8FC1167B26B200AF1428 /* SenTestingKit.framework in Frameworks */,
				95DC8FC4167B26B200AF1428 /* Foundation.framework in Frameworks */,
				95DC8FC7167B26B200AF1428 /* libTwelveTwentyToolkit.a in Frameworks */,
			);
			runOnlyForDeploymentPostprocessing = 0;
		};
/* End PBXFrameworksBuildPhase section */

/* Begin PBXGroup section */
		95934F86167B27EE00E4ED39 /* AddressBook */ = {
			isa = PBXGroup;
			children = (
				95934F87167B27EE00E4ED39 /* Entities */,
				95934F91167B27EE00E4ED39 /* generate_classes.sh */,
				95934F92167B27EE00E4ED39 /* TTUnifiedAddressBook.h */,
				95934F93167B27EE00E4ED39 /* TTUnifiedAddressBook.m */,
				95934F94167B27EE00E4ED39 /* TTUnifiedAddressBook.xcdatamodeld */,
				95934F96167B27EE00E4ED39 /* TTUnifiedCard.h */,
				95934F97167B27EE00E4ED39 /* TTUnifiedCard.m */,
			);
			path = AddressBook;
			sourceTree = "<group>";
		};
		95934F87167B27EE00E4ED39 /* Entities */ = {
			isa = PBXGroup;
			children = (
				95934F88167B27EE00E4ED39 /* Abstract */,
				95934F8D167B27EE00E4ED39 /* TTCDLinkedRecord.h */,
				95934F8E167B27EE00E4ED39 /* TTCDLinkedRecord.m */,
				95934F8F167B27EE00E4ED39 /* TTCDUnifiedRecord.h */,
				95934F90167B27EE00E4ED39 /* TTCDUnifiedRecord.m */,
			);
			path = Entities;
			sourceTree = "<group>";
		};
		95934F88167B27EE00E4ED39 /* Abstract */ = {
			isa = PBXGroup;
			children = (
				95934F89167B27EE00E4ED39 /* _TTCDLinkedRecord.h */,
				95934F8A167B27EE00E4ED39 /* _TTCDLinkedRecord.m */,
				95934F8B167B27EE00E4ED39 /* _TTCDUnifiedRecord.h */,
				95934F8C167B27EE00E4ED39 /* _TTCDUnifiedRecord.m */,
			);
			path = Abstract;
			sourceTree = "<group>";
		};
		95934F98167B27EE00E4ED39 /* CoreData */ = {
			isa = PBXGroup;
			children = (
				95934F99167B27EE00E4ED39 /* NSManagedObjectContext+TTBatchManipulation.h */,
				95934F9A167B27EE00E4ED39 /* NSManagedObjectContext+TTBatchManipulation.m */,
				95934F9B167B27EE00E4ED39 /* NSManagedObjectContext+TTConvenience.h */,
				95934F9C167B27EE00E4ED39 /* NSManagedObjectContext+TTConvenience.m */,
				95934F9D167B27EE00E4ED39 /* NSManagedObjectContext+TTUniquing.h */,
				95934F9E167B27EE00E4ED39 /* NSManagedObjectContext+TTUniquing.m */,
			);
			path = CoreData;
			sourceTree = "<group>";
		};
		95934F9F167B27EE00E4ED39 /* CoreGraphics */ = {
			isa = PBXGroup;
			children = (
				95934FA0167B27EE00E4ED39 /* TTCGUtils.h */,
				95934FA1167B27EE00E4ED39 /* TTCGUtils.m */,
			);
			path = CoreGraphics;
			sourceTree = "<group>";
		};
		95934FA2167B27EE00E4ED39 /* DependencyInjection */ = {
			isa = PBXGroup;
			children = (
				95934FA3167B27EE00E4ED39 /* Introspection */,
				95934FA6167B27EE00E4ED39 /* Mappings */,
				95934FAE167B27EE00E4ED39 /* TTInjectable.h */,
				95934FAF167B27EE00E4ED39 /* TTInjector.h */,
				95934FB0167B27EE00E4ED39 /* TTInjector.m */,
			);
			path = DependencyInjection;
			sourceTree = "<group>";
		};
		95934FA3167B27EE00E4ED39 /* Introspection */ = {
			isa = PBXGroup;
			children = (
				95934FA4167B27EE00E4ED39 /* TTIntrospectProperty.h */,
				95934FA5167B27EE00E4ED39 /* TTIntrospectProperty.m */,
			);
			path = Introspection;
			sourceTree = "<group>";
		};
		95934FA6167B27EE00E4ED39 /* Mappings */ = {
			isa = PBXGroup;
			children = (
				95934FA9167B27EE00E4ED39 /* TTClassMappingParentNode.h */,
				E42073B925BC9D38C701611B /* TTClassMappingTarget.h */,
				E42070B998713450F93969C7 /* TTClassMappingTarget.m */,
			);
			path = Mappings;
			sourceTree = "<group>";
		};
		95934FB1167B27EE00E4ED39 /* Logging */ = {
			isa = PBXGroup;
			children = (
				95934FB2167B27EE00E4ED39 /* TTLog.h */,
				95934FB3167B27EE00E4ED39 /* TTLog.m */,
			);
			path = Logging;
			sourceTree = "<group>";
		};
		95934FE3167B293A00E4ED39 /* CoreGraphics */ = {
			isa = PBXGroup;
			children = (
				95934FE4167B293A00E4ED39 /* TTTCoreGraphicsTestCase.h */,
				95934FE5167B293A00E4ED39 /* TTTCoreGraphicsTestCase.m */,
			);
			path = CoreGraphics;
			sourceTree = "<group>";
		};
		95934FE7167B294E00E4ED39 /* DependencyInjection */ = {
			isa = PBXGroup;
			children = (
				95934FEB167B29EF00E4ED39 /* HelperClasses */,
				95934FE8167B296600E4ED39 /* TTTDependencyInjectionTestCase.h */,
				95934FE9167B296600E4ED39 /* TTTDependencyInjectionTestCase.m */,
			);
			path = DependencyInjection;
			sourceTree = "<group>";
		};
		95934FEB167B29EF00E4ED39 /* HelperClasses */ = {
			isa = PBXGroup;
			children = (
				95934FF8167B2D4D00E4ED39 /* TTTDIBaseSingleton.h */,
				95934FF9167B2D4D00E4ED39 /* TTTDIBaseSingleton.m */,
				95934FEC167B2A0900E4ED39 /* TTTDISimpleObject.h */,
				95934FED167B2A0900E4ED39 /* TTTDISimpleObject.m */,
				95934FEF167B2A4900E4ED39 /* TTTDIBaseObject.h */,
				95934FF0167B2A4900E4ED39 /* TTTDIBaseObject.m */,
				95934FF2167B2A5F00E4ED39 /* TTTDIConcreteObject.h */,
				95934FF3167B2A5F00E4ED39 /* TTTDIConcreteObject.m */,
				95934FFB167B2D5E00E4ED39 /* TTTDIConcreteSingleton.h */,
				95934FFC167B2D5F00E4ED39 /* TTTDIConcreteSingleton.m */,
				95934FFE167B2D7F00E4ED39 /* TTTDISimpleSingleton.h */,
				95934FFF167B2D7F00E4ED39 /* TTTDISimpleSingleton.m */,
				95935001167B318100E4ED39 /* TTTDIInjectableObject.h */,
				95935002167B318100E4ED39 /* TTTDIInjectableObject.m */,
			);
			path = HelperClasses;
			sourceTree = "<group>";
		};
		95DC8FA3167B26B200AF1428 = {
			isa = PBXGroup;
			children = (
				95DC8FB3167B26B200AF1428 /* TwelveTwentyToolkit */,
				95DC8FC8167B26B200AF1428 /* TwelveTwentyToolkitTests */,
				95DC8FB0167B26B200AF1428 /* Frameworks */,
				95DC8FAF167B26B200AF1428 /* Products */,
			);
			sourceTree = "<group>";
		};
		95DC8FAF167B26B200AF1428 /* Products */ = {
			isa = PBXGroup;
			children = (
				95DC8FAE167B26B200AF1428 /* libTwelveTwentyToolkit.a */,
				95DC8FBF167B26B200AF1428 /* TwelveTwentyToolkitTests.octest */,
			);
			name = Products;
			sourceTree = "<group>";
		};
		95DC8FB0167B26B200AF1428 /* Frameworks */ = {
			isa = PBXGroup;
			children = (
				95934FE1167B28C800E4ED39 /* UIKit.framework */,
				95934FDF167B28B500E4ED39 /* CoreGraphics.framework */,
				95934FDB167B285200E4ED39 /* QuartzCore.framework */,
				95934FD9167B284800E4ED39 /* CoreData.framework */,
				95934FD7167B283E00E4ED39 /* AddressBook.framework */,
				95DC8FB1167B26B200AF1428 /* Foundation.framework */,
				95DC8FC0167B26B200AF1428 /* SenTestingKit.framework */,
			);
			name = Frameworks;
			sourceTree = "<group>";
		};
		95DC8FB3167B26B200AF1428 /* TwelveTwentyToolkit */ = {
			isa = PBXGroup;
			children = (
				95934F86167B27EE00E4ED39 /* AddressBook */,
				95934F98167B27EE00E4ED39 /* CoreData */,
				95934F9F167B27EE00E4ED39 /* CoreGraphics */,
				95934FA2167B27EE00E4ED39 /* DependencyInjection */,
				95934FB1167B27EE00E4ED39 /* Logging */,
				95DC8FB6167B26B200AF1428 /* TwelveTwentyToolkit.h */,
				95DC8FB4167B26B200AF1428 /* Supporting Files */,
			);
			path = TwelveTwentyToolkit;
			sourceTree = "<group>";
		};
		95DC8FB4167B26B200AF1428 /* Supporting Files */ = {
			isa = PBXGroup;
			children = (
				95DC8FB5167B26B200AF1428 /* TwelveTwentyToolkit-Prefix.pch */,
			);
			name = "Supporting Files";
			sourceTree = "<group>";
		};
		95DC8FC8167B26B200AF1428 /* TwelveTwentyToolkitTests */ = {
			isa = PBXGroup;
			children = (
				95934FE3167B293A00E4ED39 /* CoreGraphics */,
				95934FE7167B294E00E4ED39 /* DependencyInjection */,
				95DC8FC9167B26B200AF1428 /* Supporting Files */,
			);
			path = TwelveTwentyToolkitTests;
			sourceTree = "<group>";
		};
		95DC8FC9167B26B200AF1428 /* Supporting Files */ = {
			isa = PBXGroup;
			children = (
				95DC8FCA167B26B200AF1428 /* TwelveTwentyToolkitTests-Info.plist */,
				95DC8FCB167B26B200AF1428 /* InfoPlist.strings */,
			);
			name = "Supporting Files";
			sourceTree = "<group>";
		};
/* End PBXGroup section */

/* Begin PBXNativeTarget section */
		95DC8FAD167B26B200AF1428 /* TwelveTwentyToolkit */ = {
			isa = PBXNativeTarget;
			buildConfigurationList = 95DC8FD3167B26B200AF1428 /* Build configuration list for PBXNativeTarget "TwelveTwentyToolkit" */;
			buildPhases = (
				95DC8FAA167B26B200AF1428 /* Sources */,
				95DC8FAB167B26B200AF1428 /* Frameworks */,
				95DC8FAC167B26B200AF1428 /* CopyFiles */,
			);
			buildRules = (
			);
			dependencies = (
			);
			name = TwelveTwentyToolkit;
			productName = TwelveTwentyToolkit;
			productReference = 95DC8FAE167B26B200AF1428 /* libTwelveTwentyToolkit.a */;
			productType = "com.apple.product-type.library.static";
		};
		95DC8FBE167B26B200AF1428 /* TwelveTwentyToolkitTests */ = {
			isa = PBXNativeTarget;
			buildConfigurationList = 95DC8FD6167B26B200AF1428 /* Build configuration list for PBXNativeTarget "TwelveTwentyToolkitTests" */;
			buildPhases = (
				95DC8FBA167B26B200AF1428 /* Sources */,
				95DC8FBB167B26B200AF1428 /* Frameworks */,
				95DC8FBC167B26B200AF1428 /* Resources */,
				95DC8FBD167B26B200AF1428 /* ShellScript */,
			);
			buildRules = (
			);
			dependencies = (
				95DC8FC6167B26B200AF1428 /* PBXTargetDependency */,
			);
			name = TwelveTwentyToolkitTests;
			productName = TwelveTwentyToolkitTests;
			productReference = 95DC8FBF167B26B200AF1428 /* TwelveTwentyToolkitTests.octest */;
			productType = "com.apple.product-type.bundle";
		};
/* End PBXNativeTarget section */

/* Begin PBXProject section */
		95DC8FA5167B26B200AF1428 /* Project object */ = {
			isa = PBXProject;
			attributes = {
				LastUpgradeCheck = 0450;
				ORGANIZATIONNAME = TwelveTwenty;
			};
			buildConfigurationList = 95DC8FA8167B26B200AF1428 /* Build configuration list for PBXProject "TwelveTwentyToolkit" */;
			compatibilityVersion = "Xcode 3.2";
			developmentRegion = English;
			hasScannedForEncodings = 0;
			knownRegions = (
				en,
			);
			mainGroup = 95DC8FA3167B26B200AF1428;
			productRefGroup = 95DC8FAF167B26B200AF1428 /* Products */;
			projectDirPath = "";
			projectRoot = "";
			targets = (
				95DC8FAD167B26B200AF1428 /* TwelveTwentyToolkit */,
				95DC8FBE167B26B200AF1428 /* TwelveTwentyToolkitTests */,
			);
		};
/* End PBXProject section */

/* Begin PBXResourcesBuildPhase section */
		95DC8FBC167B26B200AF1428 /* Resources */ = {
			isa = PBXResourcesBuildPhase;
			buildActionMask = 2147483647;
			files = (
				95DC8FCD167B26B200AF1428 /* InfoPlist.strings in Resources */,
				95934FBC167B27EE00E4ED39 /* generate_classes.sh in Resources */,
			);
			runOnlyForDeploymentPostprocessing = 0;
		};
/* End PBXResourcesBuildPhase section */

/* Begin PBXShellScriptBuildPhase section */
		95DC8FBD167B26B200AF1428 /* ShellScript */ = {
			isa = PBXShellScriptBuildPhase;
			buildActionMask = 2147483647;
			files = (
			);
			inputPaths = (
			);
			outputPaths = (
			);
			runOnlyForDeploymentPostprocessing = 0;
			shellPath = /bin/sh;
			shellScript = "# Run the unit tests in this test bundle.\n\"${SYSTEM_DEVELOPER_DIR}/Tools/RunUnitTests\"\n";
		};
/* End PBXShellScriptBuildPhase section */

/* Begin PBXSourcesBuildPhase section */
		95DC8FAA167B26B200AF1428 /* Sources */ = {
			isa = PBXSourcesBuildPhase;
			buildActionMask = 2147483647;
			files = (
				95934FB4167B27EE00E4ED39 /* _TTCDLinkedRecord.m in Sources */,
				95934FB6167B27EE00E4ED39 /* _TTCDUnifiedRecord.m in Sources */,
				95934FB8167B27EE00E4ED39 /* TTCDLinkedRecord.m in Sources */,
				95934FBA167B27EE00E4ED39 /* TTCDUnifiedRecord.m in Sources */,
				95934FBD167B27EE00E4ED39 /* TTUnifiedAddressBook.m in Sources */,
				95934FBF167B27EE00E4ED39 /* TTUnifiedAddressBook.xcdatamodeld in Sources */,
				95934FC1167B27EE00E4ED39 /* TTUnifiedCard.m in Sources */,
				95934FC3167B27EE00E4ED39 /* NSManagedObjectContext+TTBatchManipulation.m in Sources */,
				95934FC5167B27EE00E4ED39 /* NSManagedObjectContext+TTConvenience.m in Sources */,
				95934FC7167B27EE00E4ED39 /* NSManagedObjectContext+TTUniquing.m in Sources */,
				95934FC9167B27EE00E4ED39 /* TTCGUtils.m in Sources */,
				95934FCB167B27EE00E4ED39 /* TTIntrospectProperty.m in Sources */,
				95934FD3167B27EE00E4ED39 /* TTInjector.m in Sources */,
				95934FD5167B27EE00E4ED39 /* TTLog.m in Sources */,
				E4207B3E61E5F45AEB48F0AD /* TTClassMappingTarget.m in Sources */,
			);
			runOnlyForDeploymentPostprocessing = 0;
		};
		95DC8FBA167B26B200AF1428 /* Sources */ = {
			isa = PBXSourcesBuildPhase;
			buildActionMask = 2147483647;
			files = (
				95934FB5167B27EE00E4ED39 /* _TTCDLinkedRecord.m in Sources */,
				95934FB7167B27EE00E4ED39 /* _TTCDUnifiedRecord.m in Sources */,
				95934FB9167B27EE00E4ED39 /* TTCDLinkedRecord.m in Sources */,
				95934FBB167B27EE00E4ED39 /* TTCDUnifiedRecord.m in Sources */,
				95934FBE167B27EE00E4ED39 /* TTUnifiedAddressBook.m in Sources */,
				95934FC0167B27EE00E4ED39 /* TTUnifiedAddressBook.xcdatamodeld in Sources */,
				95934FC2167B27EE00E4ED39 /* TTUnifiedCard.m in Sources */,
				95934FC4167B27EE00E4ED39 /* NSManagedObjectContext+TTBatchManipulation.m in Sources */,
				95934FC6167B27EE00E4ED39 /* NSManagedObjectContext+TTConvenience.m in Sources */,
				95934FC8167B27EE00E4ED39 /* NSManagedObjectContext+TTUniquing.m in Sources */,
				95934FCA167B27EE00E4ED39 /* TTCGUtils.m in Sources */,
				95934FCC167B27EE00E4ED39 /* TTIntrospectProperty.m in Sources */,
				95934FD4167B27EE00E4ED39 /* TTInjector.m in Sources */,
				95934FD6167B27EE00E4ED39 /* TTLog.m in Sources */,
				95934FE6167B293A00E4ED39 /* TTTCoreGraphicsTestCase.m in Sources */,
				95934FEA167B296600E4ED39 /* TTTDependencyInjectionTestCase.m in Sources */,
				95934FEE167B2A0900E4ED39 /* TTTDISimpleObject.m in Sources */,
				95934FF1167B2A4900E4ED39 /* TTTDIBaseObject.m in Sources */,
				95934FF4167B2A5F00E4ED39 /* TTTDIConcreteObject.m in Sources */,
				95934FFA167B2D4D00E4ED39 /* TTTDIBaseSingleton.m in Sources */,
				95934FFD167B2D5F00E4ED39 /* TTTDIConcreteSingleton.m in Sources */,
				95935000167B2D7F00E4ED39 /* TTTDISimpleSingleton.m in Sources */,
				95935003167B318200E4ED39 /* TTTDIInjectableObject.m in Sources */,
			);
			runOnlyForDeploymentPostprocessing = 0;
		};
/* End PBXSourcesBuildPhase section */

/* Begin PBXTargetDependency section */
		95DC8FC6167B26B200AF1428 /* PBXTargetDependency */ = {
			isa = PBXTargetDependency;
			target = 95DC8FAD167B26B200AF1428 /* TwelveTwentyToolkit */;
			targetProxy = 95DC8FC5167B26B200AF1428 /* PBXContainerItemProxy */;
		};
/* End PBXTargetDependency section */

/* Begin PBXVariantGroup section */
		95DC8FCB167B26B200AF1428 /* InfoPlist.strings */ = {
			isa = PBXVariantGroup;
			children = (
				95DC8FCC167B26B200AF1428 /* en */,
			);
			name = InfoPlist.strings;
			sourceTree = "<group>";
		};
/* End PBXVariantGroup section */

/* Begin XCBuildConfiguration section */
		95DC8FD1167B26B200AF1428 /* Debug */ = {
			isa = XCBuildConfiguration;
			buildSettings = {
				ALWAYS_SEARCH_USER_PATHS = NO;
				CLANG_CXX_LANGUAGE_STANDARD = "gnu++0x";
				CLANG_CXX_LIBRARY = "libc++";
				CLANG_ENABLE_OBJC_ARC = YES;
				CLANG_WARN_EMPTY_BODY = YES;
				CLANG_WARN__DUPLICATE_METHOD_MATCH = YES;
				COPY_PHASE_STRIP = NO;
				GCC_C_LANGUAGE_STANDARD = gnu99;
				GCC_DYNAMIC_NO_PIC = NO;
				GCC_OPTIMIZATION_LEVEL = 0;
				GCC_PREPROCESSOR_DEFINITIONS = (
					"DEBUG=1",
					"$(inherited)",
				);
				GCC_SYMBOLS_PRIVATE_EXTERN = NO;
				GCC_WARN_ABOUT_RETURN_TYPE = YES;
				GCC_WARN_UNINITIALIZED_AUTOS = YES;
				GCC_WARN_UNUSED_VARIABLE = YES;
				IPHONEOS_DEPLOYMENT_TARGET = 5.0;
				ONLY_ACTIVE_ARCH = YES;
				SDKROOT = iphoneos;
			};
			name = Debug;
		};
		95DC8FD2167B26B200AF1428 /* Release */ = {
			isa = XCBuildConfiguration;
			buildSettings = {
				ALWAYS_SEARCH_USER_PATHS = NO;
				CLANG_CXX_LANGUAGE_STANDARD = "gnu++0x";
				CLANG_CXX_LIBRARY = "libc++";
				CLANG_ENABLE_OBJC_ARC = YES;
				CLANG_WARN_EMPTY_BODY = YES;
				CLANG_WARN__DUPLICATE_METHOD_MATCH = YES;
				COPY_PHASE_STRIP = YES;
				GCC_C_LANGUAGE_STANDARD = gnu99;
				GCC_WARN_ABOUT_RETURN_TYPE = YES;
				GCC_WARN_UNINITIALIZED_AUTOS = YES;
				GCC_WARN_UNUSED_VARIABLE = YES;
				IPHONEOS_DEPLOYMENT_TARGET = 5.0;
				SDKROOT = iphoneos;
				VALIDATE_PRODUCT = YES;
			};
			name = Release;
		};
		95DC8FD4167B26B200AF1428 /* Debug */ = {
			isa = XCBuildConfiguration;
			buildSettings = {
				DSTROOT = /tmp/TwelveTwentyToolkit.dst;
				GCC_PRECOMPILE_PREFIX_HEADER = YES;
				GCC_PREFIX_HEADER = "TwelveTwentyToolkit/TwelveTwentyToolkit-Prefix.pch";
				OTHER_LDFLAGS = "-ObjC";
				PRODUCT_NAME = "$(TARGET_NAME)";
				SKIP_INSTALL = YES;
			};
			name = Debug;
		};
		95DC8FD5167B26B200AF1428 /* Release */ = {
			isa = XCBuildConfiguration;
			buildSettings = {
				DSTROOT = /tmp/TwelveTwentyToolkit.dst;
				GCC_PRECOMPILE_PREFIX_HEADER = YES;
				GCC_PREFIX_HEADER = "TwelveTwentyToolkit/TwelveTwentyToolkit-Prefix.pch";
				OTHER_LDFLAGS = "-ObjC";
				PRODUCT_NAME = "$(TARGET_NAME)";
				SKIP_INSTALL = YES;
			};
			name = Release;
		};
		95DC8FD7167B26B200AF1428 /* Debug */ = {
			isa = XCBuildConfiguration;
			buildSettings = {
				FRAMEWORK_SEARCH_PATHS = (
					"\"$(SDKROOT)/Developer/Library/Frameworks\"",
					"\"$(DEVELOPER_LIBRARY_DIR)/Frameworks\"",
				);
				GCC_PRECOMPILE_PREFIX_HEADER = YES;
				GCC_PREFIX_HEADER = "TwelveTwentyToolkit/TwelveTwentyToolkit-Prefix.pch";
				INFOPLIST_FILE = "TwelveTwentyToolkitTests/TwelveTwentyToolkitTests-Info.plist";
				PRODUCT_NAME = "$(TARGET_NAME)";
				WRAPPER_EXTENSION = octest;
			};
			name = Debug;
		};
		95DC8FD8167B26B200AF1428 /* Release */ = {
			isa = XCBuildConfiguration;
			buildSettings = {
				FRAMEWORK_SEARCH_PATHS = (
					"\"$(SDKROOT)/Developer/Library/Frameworks\"",
					"\"$(DEVELOPER_LIBRARY_DIR)/Frameworks\"",
				);
				GCC_PRECOMPILE_PREFIX_HEADER = YES;
				GCC_PREFIX_HEADER = "TwelveTwentyToolkit/TwelveTwentyToolkit-Prefix.pch";
				INFOPLIST_FILE = "TwelveTwentyToolkitTests/TwelveTwentyToolkitTests-Info.plist";
				PRODUCT_NAME = "$(TARGET_NAME)";
				WRAPPER_EXTENSION = octest;
			};
			name = Release;
		};
/* End XCBuildConfiguration section */

/* Begin XCConfigurationList section */
		95DC8FA8167B26B200AF1428 /* Build configuration list for PBXProject "TwelveTwentyToolkit" */ = {
			isa = XCConfigurationList;
			buildConfigurations = (
				95DC8FD1167B26B200AF1428 /* Debug */,
				95DC8FD2167B26B200AF1428 /* Release */,
			);
			defaultConfigurationIsVisible = 0;
			defaultConfigurationName = Release;
		};
		95DC8FD3167B26B200AF1428 /* Build configuration list for PBXNativeTarget "TwelveTwentyToolkit" */ = {
			isa = XCConfigurationList;
			buildConfigurations = (
				95DC8FD4167B26B200AF1428 /* Debug */,
				95DC8FD5167B26B200AF1428 /* Release */,
			);
			defaultConfigurationIsVisible = 0;
			defaultConfigurationName = Release;
		};
		95DC8FD6167B26B200AF1428 /* Build configuration list for PBXNativeTarget "TwelveTwentyToolkitTests" */ = {
			isa = XCConfigurationList;
			buildConfigurations = (
				95DC8FD7167B26B200AF1428 /* Debug */,
				95DC8FD8167B26B200AF1428 /* Release */,
			);
			defaultConfigurationIsVisible = 0;
			defaultConfigurationName = Release;
		};
/* End XCConfigurationList section */

/* Begin XCVersionGroup section */
		95934F94167B27EE00E4ED39 /* TTUnifiedAddressBook.xcdatamodeld */ = {
			isa = XCVersionGroup;
			children = (
				95934F95167B27EE00E4ED39 /* TTUnifiedAddressBook.xcdatamodel */,
			);
			currentVersion = 95934F95167B27EE00E4ED39 /* TTUnifiedAddressBook.xcdatamodel */;
			path = TTUnifiedAddressBook.xcdatamodeld;
			sourceTree = "<group>";
			versionGroupType = wrapper.xcdatamodel;
		};
/* End XCVersionGroup section */
	};
	rootObject = 95DC8FA5167B26B200AF1428 /* Project object */;
}
